// !$*UTF8*$!
{
	archiveVersion = 1;
	classes = {
	};
	objectVersion = 56;
	objects = {

/* Begin PBXBuildFile section */
		D94F7F0D2AA8B93E002E064F /* MainScreen.swift in Sources */ = {isa = PBXBuildFile; fileRef = D94F7F0C2AA8B93E002E064F /* MainScreen.swift */; };
		D94F7F0F2AA91D3E002E064F /* InfoScreen.swift in Sources */ = {isa = PBXBuildFile; fileRef = D94F7F0E2AA91D3E002E064F /* InfoScreen.swift */; };
		D98F0F2A2A9FCBD3005AB694 /* Custom.swift in Sources */ = {isa = PBXBuildFile; fileRef = D98F0F292A9FCBD2005AB694 /* Custom.swift */; };
		D98F0F302AA1B991005AB694 /* ArtworkListVM.swift in Sources */ = {isa = PBXBuildFile; fileRef = D98F0F2F2AA1B991005AB694 /* ArtworkListVM.swift */; };
		D98F0F322AA1BA06005AB694 /* ArtworkRepository.swift in Sources */ = {isa = PBXBuildFile; fileRef = D98F0F312AA1BA06005AB694 /* ArtworkRepository.swift */; };
		D98F0F352AA1BC88005AB694 /* AppContainer.swift in Sources */ = {isa = PBXBuildFile; fileRef = D98F0F342AA1BC88005AB694 /* AppContainer.swift */; };
		D98F0F3A2AA1C8E0005AB694 /* ArtworksLocalSource.swift in Sources */ = {isa = PBXBuildFile; fileRef = D98F0F392AA1C8E0005AB694 /* ArtworksLocalSource.swift */; };
		D99BA6E22AABACE20083A179 /* UserProfileScreen.swift in Sources */ = {isa = PBXBuildFile; fileRef = D99BA6E12AABACE20083A179 /* UserProfileScreen.swift */; };
		D99BA6E42AAF7EA20083A179 /* GameMainScreen.swift in Sources */ = {isa = PBXBuildFile; fileRef = D99BA6E32AAF7EA20083A179 /* GameMainScreen.swift */; };
		D99BA6E62AAFC2810083A179 /* FlashCardsScreen.swift in Sources */ = {isa = PBXBuildFile; fileRef = D99BA6E52AAFC2810083A179 /* FlashCardsScreen.swift */; };
		D99BA6E82AB0546C0083A179 /* StartingScreen.swift in Sources */ = {isa = PBXBuildFile; fileRef = D99BA6E72AB0546C0083A179 /* StartingScreen.swift */; };
		D99BA6EA2AB227EA0083A179 /* ImagePicker.swift in Sources */ = {isa = PBXBuildFile; fileRef = D99BA6E92AB227EA0083A179 /* ImagePicker.swift */; };
		D99BA6EE2AB520800083A179 /* SettingsScreen.swift in Sources */ = {isa = PBXBuildFile; fileRef = D99BA6ED2AB520800083A179 /* SettingsScreen.swift */; };
		D99D81702A798A4200F6278E /* ArtInstituteChicagoApp.swift in Sources */ = {isa = PBXBuildFile; fileRef = D99D816F2A798A4200F6278E /* ArtInstituteChicagoApp.swift */; };
		D99D81722A798A4200F6278E /* ArtworksListScreen.swift in Sources */ = {isa = PBXBuildFile; fileRef = D99D81712A798A4200F6278E /* ArtworksListScreen.swift */; };
		D99D81742A798A4400F6278E /* Assets.xcassets in Resources */ = {isa = PBXBuildFile; fileRef = D99D81732A798A4400F6278E /* Assets.xcassets */; };
		D99D81782A798A4400F6278E /* Preview Assets.xcassets in Resources */ = {isa = PBXBuildFile; fileRef = D99D81772A798A4400F6278E /* Preview Assets.xcassets */; };
		D99D81822A798A4400F6278E /* ArtInstituteChicagoTests.swift in Sources */ = {isa = PBXBuildFile; fileRef = D99D81812A798A4400F6278E /* ArtInstituteChicagoTests.swift */; };
		D99D818C2A798A4400F6278E /* ArtInstituteChicagoUITests.swift in Sources */ = {isa = PBXBuildFile; fileRef = D99D818B2A798A4400F6278E /* ArtInstituteChicagoUITests.swift */; };
		D99D818E2A798A4400F6278E /* ArtInstituteChicagoUITestsLaunchTests.swift in Sources */ = {isa = PBXBuildFile; fileRef = D99D818D2A798A4400F6278E /* ArtInstituteChicagoUITestsLaunchTests.swift */; };
		D99D819B2A79A13900F6278E /* Artwork.swift in Sources */ = {isa = PBXBuildFile; fileRef = D99D819A2A79A13900F6278E /* Artwork.swift */; };
		D99D819D2A79B9EC00F6278E /* RemoteSource.swift in Sources */ = {isa = PBXBuildFile; fileRef = D99D819C2A79B9EC00F6278E /* RemoteSource.swift */; };
		D99D819F2A7DEAF100F6278E /* Color.swift in Sources */ = {isa = PBXBuildFile; fileRef = D99D819E2A7DEAF100F6278E /* Color.swift */; };
		D99D81A22A81196D00F6278E /* Swinject in Frameworks */ = {isa = PBXBuildFile; productRef = D99D81A12A81196D00F6278E /* Swinject */; };
		D99D81A62A81305800F6278E /* DetailArtworksScreen.swift in Sources */ = {isa = PBXBuildFile; fileRef = D99D81A52A81305800F6278E /* DetailArtworksScreen.swift */; };
		D99E70042AF15ABC00725719 /* Model.xcdatamodeld in Sources */ = {isa = PBXBuildFile; fileRef = D99E70022AF15ABB00725719 /* Model.xcdatamodeld */; };
		D99E701B2AF4511300725719 /* PersistentContainer.swift in Sources */ = {isa = PBXBuildFile; fileRef = D99E701A2AF4511200725719 /* PersistentContainer.swift */; };
		D9A0CF7E2AC31349008B4FF5 /* GetArtworksUC.swift in Sources */ = {isa = PBXBuildFile; fileRef = D9A0CF7D2AC31349008B4FF5 /* GetArtworksUC.swift */; };
		D9A1D3EB2AB99F0E00AFBE5A /* InfoVM.swift in Sources */ = {isa = PBXBuildFile; fileRef = D9A1D3EA2AB99F0E00AFBE5A /* InfoVM.swift */; };
		D9A1D3ED2ABC35D200AFBE5A /* FavoritesScreen.swift in Sources */ = {isa = PBXBuildFile; fileRef = D9A1D3EC2ABC35D200AFBE5A /* FavoritesScreen.swift */; };
		D9A1D3F02ABC57A600AFBE5A /* FavoritesVM.swift in Sources */ = {isa = PBXBuildFile; fileRef = D9A1D3EF2ABC57A600AFBE5A /* FavoritesVM.swift */; };
		D9A4CED52AAA6104000AE2BF /* Localizable.strings in Resources */ = {isa = PBXBuildFile; fileRef = D9A4CED42AAA6104000AE2BF /* Localizable.strings */; };
		D9A4F7F72B591D9D00069B63 /* Exhibition.swift in Sources */ = {isa = PBXBuildFile; fileRef = D9A4F7F62B591D9D00069B63 /* Exhibition.swift */; };
		D9A4F7F92B59324B00069B63 /* ExhibitionRepository.swift in Sources */ = {isa = PBXBuildFile; fileRef = D9A4F7F82B59324B00069B63 /* ExhibitionRepository.swift */; };
		D9A4F7FF2B5A858D00069B63 /* ShimmerLoading.swift in Sources */ = {isa = PBXBuildFile; fileRef = D9A4F7FE2B5A858D00069B63 /* ShimmerLoading.swift */; };
		D9A4F8012B5AC2E300069B63 /* GetExhibitionsUC.swift in Sources */ = {isa = PBXBuildFile; fileRef = D9A4F8002B5AC2E300069B63 /* GetExhibitionsUC.swift */; };
		D9A85F552B5C15A6001E8E5F /* DetailExhibitionScreen.swift in Sources */ = {isa = PBXBuildFile; fileRef = D9A85F542B5C15A6001E8E5F /* DetailExhibitionScreen.swift */; };
		D9A85F572B5C5313001E8E5F /* DateFormating.swift in Sources */ = {isa = PBXBuildFile; fileRef = D9A85F562B5C5313001E8E5F /* DateFormating.swift */; };
		D9A85F592B5EDC5B001E8E5F /* Event.swift in Sources */ = {isa = PBXBuildFile; fileRef = D9A85F582B5EDC5B001E8E5F /* Event.swift */; };
		D9A85F5B2B5EEBC4001E8E5F /* EventRepository.swift in Sources */ = {isa = PBXBuildFile; fileRef = D9A85F5A2B5EEBC4001E8E5F /* EventRepository.swift */; };
		D9A85F5D2B5EEC38001E8E5F /* EventsVM.swift in Sources */ = {isa = PBXBuildFile; fileRef = D9A85F5C2B5EEC38001E8E5F /* EventsVM.swift */; };
		D9A85F5F2B5EEC6F001E8E5F /* EventsLIstScreen.swift in Sources */ = {isa = PBXBuildFile; fileRef = D9A85F5E2B5EEC6F001E8E5F /* EventsLIstScreen.swift */; };
		D9A85F612B5EED39001E8E5F /* GetEventsUC.swift in Sources */ = {isa = PBXBuildFile; fileRef = D9A85F602B5EED39001E8E5F /* GetEventsUC.swift */; };
		D9BBA0822B39855700A73D34 /* SearchView.swift in Sources */ = {isa = PBXBuildFile; fileRef = D9BBA0812B39855700A73D34 /* SearchView.swift */; };
		D9BBA0842B399D0400A73D34 /* SearchArtworksUC.swift in Sources */ = {isa = PBXBuildFile; fileRef = D9BBA0832B399D0400A73D34 /* SearchArtworksUC.swift */; };
		D9BBA0862B3F339E00A73D34 /* GetMoreInfoArtworkUC.swift in Sources */ = {isa = PBXBuildFile; fileRef = D9BBA0852B3F339D00A73D34 /* GetMoreInfoArtworkUC.swift */; };
		D9BBA08A2B474E1900A73D34 /* DataArtworksService.swift in Sources */ = {isa = PBXBuildFile; fileRef = D9BBA0892B474E1900A73D34 /* DataArtworksService.swift */; };
		D9C06F9A2B5555FE00A61EBC /* DetailArtworkVM.swift in Sources */ = {isa = PBXBuildFile; fileRef = D9C06F992B5555FE00A61EBC /* DetailArtworkVM.swift */; };
		D9C06F9C2B56D1E200A61EBC /* ExhibitionsListScreen.swift in Sources */ = {isa = PBXBuildFile; fileRef = D9C06F9B2B56D1E200A61EBC /* ExhibitionsListScreen.swift */; };
		D9C06F9E2B56D22600A61EBC /* ExhibitionsVM.swift in Sources */ = {isa = PBXBuildFile; fileRef = D9C06F9D2B56D22600A61EBC /* ExhibitionsVM.swift */; };
/* End PBXBuildFile section */

/* Begin PBXContainerItemProxy section */
		D99D817E2A798A4400F6278E /* PBXContainerItemProxy */ = {
			isa = PBXContainerItemProxy;
			containerPortal = D99D81642A798A4200F6278E /* Project object */;
			proxyType = 1;
			remoteGlobalIDString = D99D816B2A798A4200F6278E;
			remoteInfo = ArtInstituteChicago;
		};
		D99D81882A798A4400F6278E /* PBXContainerItemProxy */ = {
			isa = PBXContainerItemProxy;
			containerPortal = D99D81642A798A4200F6278E /* Project object */;
			proxyType = 1;
			remoteGlobalIDString = D99D816B2A798A4200F6278E;
			remoteInfo = ArtInstituteChicago;
		};
/* End PBXContainerItemProxy section */

/* Begin PBXFileReference section */
		D94F7F0C2AA8B93E002E064F /* MainScreen.swift */ = {isa = PBXFileReference; lastKnownFileType = sourcecode.swift; path = MainScreen.swift; sourceTree = "<group>"; };
		D94F7F0E2AA91D3E002E064F /* InfoScreen.swift */ = {isa = PBXFileReference; lastKnownFileType = sourcecode.swift; path = InfoScreen.swift; sourceTree = "<group>"; };
		D98F0F292A9FCBD2005AB694 /* Custom.swift */ = {isa = PBXFileReference; lastKnownFileType = sourcecode.swift; path = Custom.swift; sourceTree = "<group>"; };
		D98F0F2F2AA1B991005AB694 /* ArtworkListVM.swift */ = {isa = PBXFileReference; lastKnownFileType = sourcecode.swift; path = ArtworkListVM.swift; sourceTree = "<group>"; };
		D98F0F312AA1BA06005AB694 /* ArtworkRepository.swift */ = {isa = PBXFileReference; lastKnownFileType = sourcecode.swift; path = ArtworkRepository.swift; sourceTree = "<group>"; };
		D98F0F342AA1BC88005AB694 /* AppContainer.swift */ = {isa = PBXFileReference; lastKnownFileType = sourcecode.swift; path = AppContainer.swift; sourceTree = "<group>"; };
		D98F0F392AA1C8E0005AB694 /* ArtworksLocalSource.swift */ = {isa = PBXFileReference; lastKnownFileType = sourcecode.swift; path = ArtworksLocalSource.swift; sourceTree = "<group>"; };
		D99BA6E12AABACE20083A179 /* UserProfileScreen.swift */ = {isa = PBXFileReference; lastKnownFileType = sourcecode.swift; path = UserProfileScreen.swift; sourceTree = "<group>"; };
		D99BA6E32AAF7EA20083A179 /* GameMainScreen.swift */ = {isa = PBXFileReference; lastKnownFileType = sourcecode.swift; path = GameMainScreen.swift; sourceTree = "<group>"; };
		D99BA6E52AAFC2810083A179 /* FlashCardsScreen.swift */ = {isa = PBXFileReference; lastKnownFileType = sourcecode.swift; path = FlashCardsScreen.swift; sourceTree = "<group>"; };
		D99BA6E72AB0546C0083A179 /* StartingScreen.swift */ = {isa = PBXFileReference; lastKnownFileType = sourcecode.swift; path = StartingScreen.swift; sourceTree = "<group>"; };
		D99BA6E92AB227EA0083A179 /* ImagePicker.swift */ = {isa = PBXFileReference; lastKnownFileType = sourcecode.swift; path = ImagePicker.swift; sourceTree = "<group>"; };
		D99BA6ED2AB520800083A179 /* SettingsScreen.swift */ = {isa = PBXFileReference; lastKnownFileType = sourcecode.swift; path = SettingsScreen.swift; sourceTree = "<group>"; };
		D99D816C2A798A4200F6278E /* ArtInstituteChicago.app */ = {isa = PBXFileReference; explicitFileType = wrapper.application; includeInIndex = 0; path = ArtInstituteChicago.app; sourceTree = BUILT_PRODUCTS_DIR; };
		D99D816F2A798A4200F6278E /* ArtInstituteChicagoApp.swift */ = {isa = PBXFileReference; lastKnownFileType = sourcecode.swift; path = ArtInstituteChicagoApp.swift; sourceTree = "<group>"; };
		D99D81712A798A4200F6278E /* ArtworksListScreen.swift */ = {isa = PBXFileReference; lastKnownFileType = sourcecode.swift; path = ArtworksListScreen.swift; sourceTree = "<group>"; };
		D99D81732A798A4400F6278E /* Assets.xcassets */ = {isa = PBXFileReference; lastKnownFileType = folder.assetcatalog; path = Assets.xcassets; sourceTree = "<group>"; };
		D99D81752A798A4400F6278E /* ArtInstituteChicago.entitlements */ = {isa = PBXFileReference; lastKnownFileType = text.plist.entitlements; path = ArtInstituteChicago.entitlements; sourceTree = "<group>"; };
		D99D81772A798A4400F6278E /* Preview Assets.xcassets */ = {isa = PBXFileReference; lastKnownFileType = folder.assetcatalog; path = "Preview Assets.xcassets"; sourceTree = "<group>"; };
		D99D817D2A798A4400F6278E /* ArtInstituteChicagoTests.xctest */ = {isa = PBXFileReference; explicitFileType = wrapper.cfbundle; includeInIndex = 0; path = ArtInstituteChicagoTests.xctest; sourceTree = BUILT_PRODUCTS_DIR; };
		D99D81812A798A4400F6278E /* ArtInstituteChicagoTests.swift */ = {isa = PBXFileReference; lastKnownFileType = sourcecode.swift; path = ArtInstituteChicagoTests.swift; sourceTree = "<group>"; };
		D99D81872A798A4400F6278E /* ArtInstituteChicagoUITests.xctest */ = {isa = PBXFileReference; explicitFileType = wrapper.cfbundle; includeInIndex = 0; path = ArtInstituteChicagoUITests.xctest; sourceTree = BUILT_PRODUCTS_DIR; };
		D99D818B2A798A4400F6278E /* ArtInstituteChicagoUITests.swift */ = {isa = PBXFileReference; lastKnownFileType = sourcecode.swift; path = ArtInstituteChicagoUITests.swift; sourceTree = "<group>"; };
		D99D818D2A798A4400F6278E /* ArtInstituteChicagoUITestsLaunchTests.swift */ = {isa = PBXFileReference; lastKnownFileType = sourcecode.swift; path = ArtInstituteChicagoUITestsLaunchTests.swift; sourceTree = "<group>"; };
		D99D819A2A79A13900F6278E /* Artwork.swift */ = {isa = PBXFileReference; lastKnownFileType = sourcecode.swift; path = Artwork.swift; sourceTree = "<group>"; };
		D99D819C2A79B9EC00F6278E /* RemoteSource.swift */ = {isa = PBXFileReference; lastKnownFileType = sourcecode.swift; path = RemoteSource.swift; sourceTree = "<group>"; };
		D99D819E2A7DEAF100F6278E /* Color.swift */ = {isa = PBXFileReference; lastKnownFileType = sourcecode.swift; path = Color.swift; sourceTree = "<group>"; };
		D99D81A52A81305800F6278E /* DetailArtworksScreen.swift */ = {isa = PBXFileReference; lastKnownFileType = sourcecode.swift; path = DetailArtworksScreen.swift; sourceTree = "<group>"; };
		D99E70032AF15ABB00725719 /* Model.xcdatamodel */ = {isa = PBXFileReference; lastKnownFileType = wrapper.xcdatamodel; path = Model.xcdatamodel; sourceTree = "<group>"; };
		D99E701A2AF4511200725719 /* PersistentContainer.swift */ = {isa = PBXFileReference; lastKnownFileType = sourcecode.swift; path = PersistentContainer.swift; sourceTree = "<group>"; };
		D9A0CF7D2AC31349008B4FF5 /* GetArtworksUC.swift */ = {isa = PBXFileReference; lastKnownFileType = sourcecode.swift; path = GetArtworksUC.swift; sourceTree = "<group>"; };
		D9A1D3EA2AB99F0E00AFBE5A /* InfoVM.swift */ = {isa = PBXFileReference; lastKnownFileType = sourcecode.swift; path = InfoVM.swift; sourceTree = "<group>"; };
		D9A1D3EC2ABC35D200AFBE5A /* FavoritesScreen.swift */ = {isa = PBXFileReference; lastKnownFileType = sourcecode.swift; path = FavoritesScreen.swift; sourceTree = "<group>"; };
		D9A1D3EF2ABC57A600AFBE5A /* FavoritesVM.swift */ = {isa = PBXFileReference; lastKnownFileType = sourcecode.swift; path = FavoritesVM.swift; sourceTree = "<group>"; };
		D9A4CED42AAA6104000AE2BF /* Localizable.strings */ = {isa = PBXFileReference; lastKnownFileType = text.plist.strings; path = Localizable.strings; sourceTree = "<group>"; };
		D9A4F7F62B591D9D00069B63 /* Exhibition.swift */ = {isa = PBXFileReference; lastKnownFileType = sourcecode.swift; path = Exhibition.swift; sourceTree = "<group>"; };
		D9A4F7F82B59324B00069B63 /* ExhibitionRepository.swift */ = {isa = PBXFileReference; lastKnownFileType = sourcecode.swift; path = ExhibitionRepository.swift; sourceTree = "<group>"; };
		D9A4F7FE2B5A858D00069B63 /* ShimmerLoading.swift */ = {isa = PBXFileReference; lastKnownFileType = sourcecode.swift; path = ShimmerLoading.swift; sourceTree = "<group>"; };
		D9A4F8002B5AC2E300069B63 /* GetExhibitionsUC.swift */ = {isa = PBXFileReference; lastKnownFileType = sourcecode.swift; path = GetExhibitionsUC.swift; sourceTree = "<group>"; };
		D9A85F542B5C15A6001E8E5F /* DetailExhibitionScreen.swift */ = {isa = PBXFileReference; lastKnownFileType = sourcecode.swift; path = DetailExhibitionScreen.swift; sourceTree = "<group>"; };
		D9A85F562B5C5313001E8E5F /* DateFormating.swift */ = {isa = PBXFileReference; lastKnownFileType = sourcecode.swift; path = DateFormating.swift; sourceTree = "<group>"; };
		D9A85F582B5EDC5B001E8E5F /* Event.swift */ = {isa = PBXFileReference; lastKnownFileType = sourcecode.swift; path = Event.swift; sourceTree = "<group>"; };
		D9A85F5A2B5EEBC4001E8E5F /* EventRepository.swift */ = {isa = PBXFileReference; lastKnownFileType = sourcecode.swift; path = EventRepository.swift; sourceTree = "<group>"; };
		D9A85F5C2B5EEC38001E8E5F /* EventsVM.swift */ = {isa = PBXFileReference; lastKnownFileType = sourcecode.swift; path = EventsVM.swift; sourceTree = "<group>"; };
		D9A85F5E2B5EEC6F001E8E5F /* EventsLIstScreen.swift */ = {isa = PBXFileReference; lastKnownFileType = sourcecode.swift; path = EventsLIstScreen.swift; sourceTree = "<group>"; };
		D9A85F602B5EED39001E8E5F /* GetEventsUC.swift */ = {isa = PBXFileReference; lastKnownFileType = sourcecode.swift; path = GetEventsUC.swift; sourceTree = "<group>"; };
		D9BBA0812B39855700A73D34 /* SearchView.swift */ = {isa = PBXFileReference; lastKnownFileType = sourcecode.swift; path = SearchView.swift; sourceTree = "<group>"; };
		D9BBA0832B399D0400A73D34 /* SearchArtworksUC.swift */ = {isa = PBXFileReference; lastKnownFileType = sourcecode.swift; path = SearchArtworksUC.swift; sourceTree = "<group>"; };
		D9BBA0852B3F339D00A73D34 /* GetMoreInfoArtworkUC.swift */ = {isa = PBXFileReference; lastKnownFileType = sourcecode.swift; path = GetMoreInfoArtworkUC.swift; sourceTree = "<group>"; };
		D9BBA0892B474E1900A73D34 /* DataArtworksService.swift */ = {isa = PBXFileReference; lastKnownFileType = sourcecode.swift; path = DataArtworksService.swift; sourceTree = "<group>"; };
		D9C06F992B5555FE00A61EBC /* DetailArtworkVM.swift */ = {isa = PBXFileReference; lastKnownFileType = sourcecode.swift; path = DetailArtworkVM.swift; sourceTree = "<group>"; };
		D9C06F9B2B56D1E200A61EBC /* ExhibitionsListScreen.swift */ = {isa = PBXFileReference; lastKnownFileType = sourcecode.swift; path = ExhibitionsListScreen.swift; sourceTree = "<group>"; };
		D9C06F9D2B56D22600A61EBC /* ExhibitionsVM.swift */ = {isa = PBXFileReference; lastKnownFileType = sourcecode.swift; path = ExhibitionsVM.swift; sourceTree = "<group>"; };
/* End PBXFileReference section */

/* Begin PBXFrameworksBuildPhase section */
		D99D81692A798A4200F6278E /* Frameworks */ = {
			isa = PBXFrameworksBuildPhase;
			buildActionMask = 2147483647;
			files = (
				D99D81A22A81196D00F6278E /* Swinject in Frameworks */,
			);
			runOnlyForDeploymentPostprocessing = 0;
		};
		D99D817A2A798A4400F6278E /* Frameworks */ = {
			isa = PBXFrameworksBuildPhase;
			buildActionMask = 2147483647;
			files = (
			);
			runOnlyForDeploymentPostprocessing = 0;
		};
		D99D81842A798A4400F6278E /* Frameworks */ = {
			isa = PBXFrameworksBuildPhase;
			buildActionMask = 2147483647;
			files = (
			);
			runOnlyForDeploymentPostprocessing = 0;
		};
/* End PBXFrameworksBuildPhase section */

/* Begin PBXGroup section */
		1C71DFBCE64340B049A9347B /* Pods */ = {
			isa = PBXGroup;
			children = (
			);
			path = Pods;
			sourceTree = "<group>";
		};
		D98F0F2B2AA1B7D6005AB694 /* Logic */ = {
			isa = PBXGroup;
			children = (
				D99E70052AF16A8B00725719 /* CoreData */,
				D9A0CF7C2AC312CB008B4FF5 /* UseCase */,
				D98F0F382AA1C80F005AB694 /* ViewModel */,
				D98F0F362AA1C7AB005AB694 /* Model */,
				D98F0F332AA1BC7A005AB694 /* DI */,
			);
			path = Logic;
			sourceTree = "<group>";
		};
		D98F0F2C2AA1B7E7005AB694 /* UI */ = {
			isa = PBXGroup;
			children = (
				D99BA6E72AB0546C0083A179 /* StartingScreen.swift */,
				D94F7F0C2AA8B93E002E064F /* MainScreen.swift */,
				D99BA6ED2AB520800083A179 /* SettingsScreen.swift */,
				D94F7F0E2AA91D3E002E064F /* InfoScreen.swift */,
				D99BA6E12AABACE20083A179 /* UserProfileScreen.swift */,
				D9A1D3EC2ABC35D200AFBE5A /* FavoritesScreen.swift */,
				D9A85F5E2B5EEC6F001E8E5F /* EventsLIstScreen.swift */,
				D99D81712A798A4200F6278E /* ArtworksListScreen.swift */,
				D9BBA0812B39855700A73D34 /* SearchView.swift */,
				D99D81A52A81305800F6278E /* DetailArtworksScreen.swift */,
				D9C06F9B2B56D1E200A61EBC /* ExhibitionsListScreen.swift */,
				D9A85F542B5C15A6001E8E5F /* DetailExhibitionScreen.swift */,
				D9A1D3EE2ABC3A8200AFBE5A /* Game */,
				D9A1D3E92AB8E18800AFBE5A /* RepresentableComponents */,
				D9A4CED62AAA6711000AE2BF /* ExtensionUI */,
			);
			path = UI;
			sourceTree = "<group>";
		};
		D98F0F332AA1BC7A005AB694 /* DI */ = {
			isa = PBXGroup;
			children = (
				D98F0F342AA1BC88005AB694 /* AppContainer.swift */,
			);
			path = DI;
			sourceTree = "<group>";
		};
		D98F0F362AA1C7AB005AB694 /* Model */ = {
			isa = PBXGroup;
			children = (
				D98F0F312AA1BA06005AB694 /* ArtworkRepository.swift */,
				D9A85F5A2B5EEBC4001E8E5F /* EventRepository.swift */,
				D9A4F7F82B59324B00069B63 /* ExhibitionRepository.swift */,
				D99D819C2A79B9EC00F6278E /* RemoteSource.swift */,
				D98F0F372AA1C7B6005AB694 /* DTO */,
				D98F0F392AA1C8E0005AB694 /* ArtworksLocalSource.swift */,
			);
			path = Model;
			sourceTree = "<group>";
		};
		D98F0F372AA1C7B6005AB694 /* DTO */ = {
			isa = PBXGroup;
			children = (
				D99D819A2A79A13900F6278E /* Artwork.swift */,
				D9A85F582B5EDC5B001E8E5F /* Event.swift */,
				D9A4F7F62B591D9D00069B63 /* Exhibition.swift */,
			);
			path = DTO;
			sourceTree = "<group>";
		};
		D98F0F382AA1C80F005AB694 /* ViewModel */ = {
			isa = PBXGroup;
			children = (
				D98F0F2F2AA1B991005AB694 /* ArtworkListVM.swift */,
				D9C06F992B5555FE00A61EBC /* DetailArtworkVM.swift */,
				D9A85F5C2B5EEC38001E8E5F /* EventsVM.swift */,
				D9C06F9D2B56D22600A61EBC /* ExhibitionsVM.swift */,
				D9A1D3EF2ABC57A600AFBE5A /* FavoritesVM.swift */,
				D9A1D3EA2AB99F0E00AFBE5A /* InfoVM.swift */,
			);
			path = ViewModel;
			sourceTree = "<group>";
		};
		D99D81632A798A4200F6278E = {
			isa = PBXGroup;
			children = (
				D99D816E2A798A4200F6278E /* ArtInstituteChicago */,
				D99D81802A798A4400F6278E /* ArtInstituteChicagoTests */,
				D99D818A2A798A4400F6278E /* ArtInstituteChicagoUITests */,
				D99D816D2A798A4200F6278E /* Products */,
				1C71DFBCE64340B049A9347B /* Pods */,
			);
			sourceTree = "<group>";
		};
		D99D816D2A798A4200F6278E /* Products */ = {
			isa = PBXGroup;
			children = (
				D99D816C2A798A4200F6278E /* ArtInstituteChicago.app */,
				D99D817D2A798A4400F6278E /* ArtInstituteChicagoTests.xctest */,
				D99D81872A798A4400F6278E /* ArtInstituteChicagoUITests.xctest */,
			);
			name = Products;
			sourceTree = "<group>";
		};
		D99D816E2A798A4200F6278E /* ArtInstituteChicago */ = {
			isa = PBXGroup;
			children = (
				D98F0F2C2AA1B7E7005AB694 /* UI */,
				D98F0F2B2AA1B7D6005AB694 /* Logic */,
				D99D816F2A798A4200F6278E /* ArtInstituteChicagoApp.swift */,
				D9A4CED42AAA6104000AE2BF /* Localizable.strings */,
				D99D81732A798A4400F6278E /* Assets.xcassets */,
				D99D81752A798A4400F6278E /* ArtInstituteChicago.entitlements */,
				D99D81762A798A4400F6278E /* Preview Content */,
			);
			path = ArtInstituteChicago;
			sourceTree = "<group>";
		};
		D99D81762A798A4400F6278E /* Preview Content */ = {
			isa = PBXGroup;
			children = (
				D99D81772A798A4400F6278E /* Preview Assets.xcassets */,
			);
			path = "Preview Content";
			sourceTree = "<group>";
		};
		D99D81802A798A4400F6278E /* ArtInstituteChicagoTests */ = {
			isa = PBXGroup;
			children = (
				D99D81812A798A4400F6278E /* ArtInstituteChicagoTests.swift */,
			);
			path = ArtInstituteChicagoTests;
			sourceTree = "<group>";
		};
		D99D818A2A798A4400F6278E /* ArtInstituteChicagoUITests */ = {
			isa = PBXGroup;
			children = (
				D99D818B2A798A4400F6278E /* ArtInstituteChicagoUITests.swift */,
				D99D818D2A798A4400F6278E /* ArtInstituteChicagoUITestsLaunchTests.swift */,
			);
			path = ArtInstituteChicagoUITests;
			sourceTree = "<group>";
		};
		D99E70052AF16A8B00725719 /* CoreData */ = {
			isa = PBXGroup;
			children = (
				D99E701A2AF4511200725719 /* PersistentContainer.swift */,
				D9BBA0892B474E1900A73D34 /* DataArtworksService.swift */,
				D99E70022AF15ABB00725719 /* Model.xcdatamodeld */,
			);
			path = CoreData;
			sourceTree = "<group>";
		};
		D9A0CF7C2AC312CB008B4FF5 /* UseCase */ = {
			isa = PBXGroup;
			children = (
				D9A0CF7D2AC31349008B4FF5 /* GetArtworksUC.swift */,
				D9A4F8002B5AC2E300069B63 /* GetExhibitionsUC.swift */,
				D9A85F602B5EED39001E8E5F /* GetEventsUC.swift */,
				D9BBA0852B3F339D00A73D34 /* GetMoreInfoArtworkUC.swift */,
				D9BBA0832B399D0400A73D34 /* SearchArtworksUC.swift */,
			);
			path = UseCase;
			sourceTree = "<group>";
		};
		D9A1D3E92AB8E18800AFBE5A /* RepresentableComponents */ = {
			isa = PBXGroup;
			children = (
				D99BA6E92AB227EA0083A179 /* ImagePicker.swift */,
				D9A85F562B5C5313001E8E5F /* DateFormating.swift */,
			);
			path = RepresentableComponents;
			sourceTree = "<group>";
		};
		D9A1D3EE2ABC3A8200AFBE5A /* Game */ = {
			isa = PBXGroup;
			children = (
				D99BA6E32AAF7EA20083A179 /* GameMainScreen.swift */,
				D99BA6E52AAFC2810083A179 /* FlashCardsScreen.swift */,
			);
			path = Game;
			sourceTree = "<group>";
		};
		D9A4CED62AAA6711000AE2BF /* ExtensionUI */ = {
			isa = PBXGroup;
			children = (
				D99D819E2A7DEAF100F6278E /* Color.swift */,
				D9A4F7FE2B5A858D00069B63 /* ShimmerLoading.swift */,
				D98F0F292A9FCBD2005AB694 /* Custom.swift */,
			);
			path = ExtensionUI;
			sourceTree = "<group>";
		};
/* End PBXGroup section */

/* Begin PBXNativeTarget section */
		D99D816B2A798A4200F6278E /* ArtInstituteChicago */ = {
			isa = PBXNativeTarget;
			buildConfigurationList = D99D81912A798A4400F6278E /* Build configuration list for PBXNativeTarget "ArtInstituteChicago" */;
			buildPhases = (
				D99D81682A798A4200F6278E /* Sources */,
				D99D81692A798A4200F6278E /* Frameworks */,
				D99D816A2A798A4200F6278E /* Resources */,
			);
			buildRules = (
			);
			dependencies = (
			);
			name = ArtInstituteChicago;
			packageProductDependencies = (
				D99D81A12A81196D00F6278E /* Swinject */,
			);
			productName = ArtInstituteChicago;
			productReference = D99D816C2A798A4200F6278E /* ArtInstituteChicago.app */;
			productType = "com.apple.product-type.application";
		};
		D99D817C2A798A4400F6278E /* ArtInstituteChicagoTests */ = {
			isa = PBXNativeTarget;
			buildConfigurationList = D99D81942A798A4400F6278E /* Build configuration list for PBXNativeTarget "ArtInstituteChicagoTests" */;
			buildPhases = (
				D99D81792A798A4400F6278E /* Sources */,
				D99D817A2A798A4400F6278E /* Frameworks */,
				D99D817B2A798A4400F6278E /* Resources */,
			);
			buildRules = (
			);
			dependencies = (
				D99D817F2A798A4400F6278E /* PBXTargetDependency */,
			);
			name = ArtInstituteChicagoTests;
			productName = ArtInstituteChicagoTests;
			productReference = D99D817D2A798A4400F6278E /* ArtInstituteChicagoTests.xctest */;
			productType = "com.apple.product-type.bundle.unit-test";
		};
		D99D81862A798A4400F6278E /* ArtInstituteChicagoUITests */ = {
			isa = PBXNativeTarget;
			buildConfigurationList = D99D81972A798A4400F6278E /* Build configuration list for PBXNativeTarget "ArtInstituteChicagoUITests" */;
			buildPhases = (
				D99D81832A798A4400F6278E /* Sources */,
				D99D81842A798A4400F6278E /* Frameworks */,
				D99D81852A798A4400F6278E /* Resources */,
			);
			buildRules = (
			);
			dependencies = (
				D99D81892A798A4400F6278E /* PBXTargetDependency */,
			);
			name = ArtInstituteChicagoUITests;
			productName = ArtInstituteChicagoUITests;
			productReference = D99D81872A798A4400F6278E /* ArtInstituteChicagoUITests.xctest */;
			productType = "com.apple.product-type.bundle.ui-testing";
		};
/* End PBXNativeTarget section */

/* Begin PBXProject section */
		D99D81642A798A4200F6278E /* Project object */ = {
			isa = PBXProject;
			attributes = {
				BuildIndependentTargetsInParallel = 1;
				LastSwiftUpdateCheck = 1420;
				LastUpgradeCheck = 1420;
				TargetAttributes = {
					D99D816B2A798A4200F6278E = {
						CreatedOnToolsVersion = 14.2;
					};
					D99D817C2A798A4400F6278E = {
						CreatedOnToolsVersion = 14.2;
						TestTargetID = D99D816B2A798A4200F6278E;
					};
					D99D81862A798A4400F6278E = {
						CreatedOnToolsVersion = 14.2;
						TestTargetID = D99D816B2A798A4200F6278E;
					};
				};
			};
			buildConfigurationList = D99D81672A798A4200F6278E /* Build configuration list for PBXProject "ArtInstituteChicago" */;
			compatibilityVersion = "Xcode 14.0";
			developmentRegion = en;
			hasScannedForEncodings = 0;
			knownRegions = (
				en,
				Base,
				"en-GB",
			);
			mainGroup = D99D81632A798A4200F6278E;
			packageReferences = (
				D99D81A02A81196D00F6278E /* XCRemoteSwiftPackageReference "Swinject" */,
			);
			productRefGroup = D99D816D2A798A4200F6278E /* Products */;
			projectDirPath = "";
			projectRoot = "";
			targets = (
				D99D816B2A798A4200F6278E /* ArtInstituteChicago */,
				D99D817C2A798A4400F6278E /* ArtInstituteChicagoTests */,
				D99D81862A798A4400F6278E /* ArtInstituteChicagoUITests */,
			);
		};
/* End PBXProject section */

/* Begin PBXResourcesBuildPhase section */
		D99D816A2A798A4200F6278E /* Resources */ = {
			isa = PBXResourcesBuildPhase;
			buildActionMask = 2147483647;
			files = (
				D99D81782A798A4400F6278E /* Preview Assets.xcassets in Resources */,
				D9A4CED52AAA6104000AE2BF /* Localizable.strings in Resources */,
				D99D81742A798A4400F6278E /* Assets.xcassets in Resources */,
			);
			runOnlyForDeploymentPostprocessing = 0;
		};
		D99D817B2A798A4400F6278E /* Resources */ = {
			isa = PBXResourcesBuildPhase;
			buildActionMask = 2147483647;
			files = (
			);
			runOnlyForDeploymentPostprocessing = 0;
		};
		D99D81852A798A4400F6278E /* Resources */ = {
			isa = PBXResourcesBuildPhase;
			buildActionMask = 2147483647;
			files = (
			);
			runOnlyForDeploymentPostprocessing = 0;
		};
/* End PBXResourcesBuildPhase section */

/* Begin PBXSourcesBuildPhase section */
		D99D81682A798A4200F6278E /* Sources */ = {
			isa = PBXSourcesBuildPhase;
			buildActionMask = 2147483647;
			files = (
				D9BBA0842B399D0400A73D34 /* SearchArtworksUC.swift in Sources */,
				D98F0F352AA1BC88005AB694 /* AppContainer.swift in Sources */,
				D99BA6E22AABACE20083A179 /* UserProfileScreen.swift in Sources */,
				D9A1D3F02ABC57A600AFBE5A /* FavoritesVM.swift in Sources */,
				D9C06F9A2B5555FE00A61EBC /* DetailArtworkVM.swift in Sources */,
				D9A4F7F72B591D9D00069B63 /* Exhibition.swift in Sources */,
				D99D819F2A7DEAF100F6278E /* Color.swift in Sources */,
				D9A85F572B5C5313001E8E5F /* DateFormating.swift in Sources */,
				D9A85F612B5EED39001E8E5F /* GetEventsUC.swift in Sources */,
				D99BA6EA2AB227EA0083A179 /* ImagePicker.swift in Sources */,
				D99D819B2A79A13900F6278E /* Artwork.swift in Sources */,
				D94F7F0F2AA91D3E002E064F /* InfoScreen.swift in Sources */,
				D98F0F3A2AA1C8E0005AB694 /* ArtworksLocalSource.swift in Sources */,
				D9A4F8012B5AC2E300069B63 /* GetExhibitionsUC.swift in Sources */,
				D9A4F7FF2B5A858D00069B63 /* ShimmerLoading.swift in Sources */,
				D99BA6E82AB0546C0083A179 /* StartingScreen.swift in Sources */,
				D98F0F2A2A9FCBD3005AB694 /* Custom.swift in Sources */,
				D9A85F5F2B5EEC6F001E8E5F /* EventsLIstScreen.swift in Sources */,
				D9BBA08A2B474E1900A73D34 /* DataArtworksService.swift in Sources */,
				D99BA6E62AAFC2810083A179 /* FlashCardsScreen.swift in Sources */,
				D99E70042AF15ABC00725719 /* Model.xcdatamodeld in Sources */,
				D99D81A62A81305800F6278E /* DetailArtworksScreen.swift in Sources */,
				D9A85F5B2B5EEBC4001E8E5F /* EventRepository.swift in Sources */,
				D99BA6EE2AB520800083A179 /* SettingsScreen.swift in Sources */,
				D9C06F9C2B56D1E200A61EBC /* ExhibitionsListScreen.swift in Sources */,
				D9A0CF7E2AC31349008B4FF5 /* GetArtworksUC.swift in Sources */,
				D9A85F5D2B5EEC38001E8E5F /* EventsVM.swift in Sources */,
				D99D81722A798A4200F6278E /* ArtworksListScreen.swift in Sources */,
				D98F0F322AA1BA06005AB694 /* ArtworkRepository.swift in Sources */,
				D9A85F592B5EDC5B001E8E5F /* Event.swift in Sources */,
				D9A1D3EB2AB99F0E00AFBE5A /* InfoVM.swift in Sources */,
				D99D819D2A79B9EC00F6278E /* RemoteSource.swift in Sources */,
				D9C06F9E2B56D22600A61EBC /* ExhibitionsVM.swift in Sources */,
				D9BBA0822B39855700A73D34 /* SearchView.swift in Sources */,
				D99BA6E42AAF7EA20083A179 /* GameMainScreen.swift in Sources */,
				D94F7F0D2AA8B93E002E064F /* MainScreen.swift in Sources */,
				D99E701B2AF4511300725719 /* PersistentContainer.swift in Sources */,
				D9A1D3ED2ABC35D200AFBE5A /* FavoritesScreen.swift in Sources */,
				D9A85F552B5C15A6001E8E5F /* DetailExhibitionScreen.swift in Sources */,
				D9A4F7F92B59324B00069B63 /* ExhibitionRepository.swift in Sources */,
				D9BBA0862B3F339E00A73D34 /* GetMoreInfoArtworkUC.swift in Sources */,
				D98F0F302AA1B991005AB694 /* ArtworkListVM.swift in Sources */,
				D99D81702A798A4200F6278E /* ArtInstituteChicagoApp.swift in Sources */,
			);
			runOnlyForDeploymentPostprocessing = 0;
		};
		D99D81792A798A4400F6278E /* Sources */ = {
			isa = PBXSourcesBuildPhase;
			buildActionMask = 2147483647;
			files = (
				D99D81822A798A4400F6278E /* ArtInstituteChicagoTests.swift in Sources */,
			);
			runOnlyForDeploymentPostprocessing = 0;
		};
		D99D81832A798A4400F6278E /* Sources */ = {
			isa = PBXSourcesBuildPhase;
			buildActionMask = 2147483647;
			files = (
				D99D818C2A798A4400F6278E /* ArtInstituteChicagoUITests.swift in Sources */,
				D99D818E2A798A4400F6278E /* ArtInstituteChicagoUITestsLaunchTests.swift in Sources */,
			);
			runOnlyForDeploymentPostprocessing = 0;
		};
/* End PBXSourcesBuildPhase section */

/* Begin PBXTargetDependency section */
		D99D817F2A798A4400F6278E /* PBXTargetDependency */ = {
			isa = PBXTargetDependency;
			target = D99D816B2A798A4200F6278E /* ArtInstituteChicago */;
			targetProxy = D99D817E2A798A4400F6278E /* PBXContainerItemProxy */;
		};
		D99D81892A798A4400F6278E /* PBXTargetDependency */ = {
			isa = PBXTargetDependency;
			target = D99D816B2A798A4200F6278E /* ArtInstituteChicago */;
			targetProxy = D99D81882A798A4400F6278E /* PBXContainerItemProxy */;
		};
/* End PBXTargetDependency section */

/* Begin XCBuildConfiguration section */
		D99D818F2A798A4400F6278E /* Debug */ = {
			isa = XCBuildConfiguration;
			buildSettings = {
				ALWAYS_SEARCH_USER_PATHS = NO;
				CLANG_ANALYZER_NONNULL = YES;
				CLANG_ANALYZER_NUMBER_OBJECT_CONVERSION = YES_AGGRESSIVE;
				CLANG_CXX_LANGUAGE_STANDARD = "gnu++20";
				CLANG_ENABLE_MODULES = YES;
				CLANG_ENABLE_OBJC_ARC = YES;
				CLANG_ENABLE_OBJC_WEAK = YES;
				CLANG_WARN_BLOCK_CAPTURE_AUTORELEASING = YES;
				CLANG_WARN_BOOL_CONVERSION = YES;
				CLANG_WARN_COMMA = YES;
				CLANG_WARN_CONSTANT_CONVERSION = YES;
				CLANG_WARN_DEPRECATED_OBJC_IMPLEMENTATIONS = YES;
				CLANG_WARN_DIRECT_OBJC_ISA_USAGE = YES_ERROR;
				CLANG_WARN_DOCUMENTATION_COMMENTS = YES;
				CLANG_WARN_EMPTY_BODY = YES;
				CLANG_WARN_ENUM_CONVERSION = YES;
				CLANG_WARN_INFINITE_RECURSION = YES;
				CLANG_WARN_INT_CONVERSION = YES;
				CLANG_WARN_NON_LITERAL_NULL_CONVERSION = YES;
				CLANG_WARN_OBJC_IMPLICIT_RETAIN_SELF = YES;
				CLANG_WARN_OBJC_LITERAL_CONVERSION = YES;
				CLANG_WARN_OBJC_ROOT_CLASS = YES_ERROR;
				CLANG_WARN_QUOTED_INCLUDE_IN_FRAMEWORK_HEADER = YES;
				CLANG_WARN_RANGE_LOOP_ANALYSIS = YES;
				CLANG_WARN_STRICT_PROTOTYPES = YES;
				CLANG_WARN_SUSPICIOUS_MOVE = YES;
				CLANG_WARN_UNGUARDED_AVAILABILITY = YES_AGGRESSIVE;
				CLANG_WARN_UNREACHABLE_CODE = YES;
				CLANG_WARN__DUPLICATE_METHOD_MATCH = YES;
				COPY_PHASE_STRIP = NO;
				DEBUG_INFORMATION_FORMAT = dwarf;
				ENABLE_STRICT_OBJC_MSGSEND = YES;
				ENABLE_TESTABILITY = YES;
				GCC_C_LANGUAGE_STANDARD = gnu11;
				GCC_DYNAMIC_NO_PIC = NO;
				GCC_NO_COMMON_BLOCKS = YES;
				GCC_OPTIMIZATION_LEVEL = 0;
				GCC_PREPROCESSOR_DEFINITIONS = (
					"DEBUG=1",
					"$(inherited)",
				);
				GCC_WARN_64_TO_32_BIT_CONVERSION = YES;
				GCC_WARN_ABOUT_RETURN_TYPE = YES_ERROR;
				GCC_WARN_UNDECLARED_SELECTOR = YES;
				GCC_WARN_UNINITIALIZED_AUTOS = YES_AGGRESSIVE;
				GCC_WARN_UNUSED_FUNCTION = YES;
				GCC_WARN_UNUSED_VARIABLE = YES;
				IPHONEOS_DEPLOYMENT_TARGET = 16.0;
				MTL_ENABLE_DEBUG_INFO = INCLUDE_SOURCE;
				MTL_FAST_MATH = YES;
				ONLY_ACTIVE_ARCH = YES;
				SWIFT_ACTIVE_COMPILATION_CONDITIONS = DEBUG;
				SWIFT_OPTIMIZATION_LEVEL = "-Onone";
			};
			name = Debug;
		};
		D99D81902A798A4400F6278E /* Release */ = {
			isa = XCBuildConfiguration;
			buildSettings = {
				ALWAYS_SEARCH_USER_PATHS = NO;
				CLANG_ANALYZER_NONNULL = YES;
				CLANG_ANALYZER_NUMBER_OBJECT_CONVERSION = YES_AGGRESSIVE;
				CLANG_CXX_LANGUAGE_STANDARD = "gnu++20";
				CLANG_ENABLE_MODULES = YES;
				CLANG_ENABLE_OBJC_ARC = YES;
				CLANG_ENABLE_OBJC_WEAK = YES;
				CLANG_WARN_BLOCK_CAPTURE_AUTORELEASING = YES;
				CLANG_WARN_BOOL_CONVERSION = YES;
				CLANG_WARN_COMMA = YES;
				CLANG_WARN_CONSTANT_CONVERSION = YES;
				CLANG_WARN_DEPRECATED_OBJC_IMPLEMENTATIONS = YES;
				CLANG_WARN_DIRECT_OBJC_ISA_USAGE = YES_ERROR;
				CLANG_WARN_DOCUMENTATION_COMMENTS = YES;
				CLANG_WARN_EMPTY_BODY = YES;
				CLANG_WARN_ENUM_CONVERSION = YES;
				CLANG_WARN_INFINITE_RECURSION = YES;
				CLANG_WARN_INT_CONVERSION = YES;
				CLANG_WARN_NON_LITERAL_NULL_CONVERSION = YES;
				CLANG_WARN_OBJC_IMPLICIT_RETAIN_SELF = YES;
				CLANG_WARN_OBJC_LITERAL_CONVERSION = YES;
				CLANG_WARN_OBJC_ROOT_CLASS = YES_ERROR;
				CLANG_WARN_QUOTED_INCLUDE_IN_FRAMEWORK_HEADER = YES;
				CLANG_WARN_RANGE_LOOP_ANALYSIS = YES;
				CLANG_WARN_STRICT_PROTOTYPES = YES;
				CLANG_WARN_SUSPICIOUS_MOVE = YES;
				CLANG_WARN_UNGUARDED_AVAILABILITY = YES_AGGRESSIVE;
				CLANG_WARN_UNREACHABLE_CODE = YES;
				CLANG_WARN__DUPLICATE_METHOD_MATCH = YES;
				COPY_PHASE_STRIP = NO;
				DEBUG_INFORMATION_FORMAT = "dwarf-with-dsym";
				ENABLE_NS_ASSERTIONS = NO;
				ENABLE_STRICT_OBJC_MSGSEND = YES;
				GCC_C_LANGUAGE_STANDARD = gnu11;
				GCC_NO_COMMON_BLOCKS = YES;
				GCC_WARN_64_TO_32_BIT_CONVERSION = YES;
				GCC_WARN_ABOUT_RETURN_TYPE = YES_ERROR;
				GCC_WARN_UNDECLARED_SELECTOR = YES;
				GCC_WARN_UNINITIALIZED_AUTOS = YES_AGGRESSIVE;
				GCC_WARN_UNUSED_FUNCTION = YES;
				GCC_WARN_UNUSED_VARIABLE = YES;
				IPHONEOS_DEPLOYMENT_TARGET = 16.0;
				MTL_ENABLE_DEBUG_INFO = NO;
				MTL_FAST_MATH = YES;
				SWIFT_COMPILATION_MODE = wholemodule;
				SWIFT_OPTIMIZATION_LEVEL = "-O";
			};
			name = Release;
		};
		D99D81922A798A4400F6278E /* Debug */ = {
			isa = XCBuildConfiguration;
			buildSettings = {
				ASSETCATALOG_COMPILER_APPICON_NAME = AppIcon;
				ASSETCATALOG_COMPILER_GLOBAL_ACCENT_COLOR_NAME = AccentColor;
				CODE_SIGN_ENTITLEMENTS = ArtInstituteChicago/ArtInstituteChicago.entitlements;
				CODE_SIGN_STYLE = Automatic;
				CURRENT_PROJECT_VERSION = 1;
				DEVELOPMENT_ASSET_PATHS = "\"ArtInstituteChicago/Preview Content\"";
				DEVELOPMENT_TEAM = 4373H7M8Y8;
				ENABLE_HARDENED_RUNTIME = YES;
				ENABLE_PREVIEWS = YES;
				GENERATE_INFOPLIST_FILE = YES;
				"INFOPLIST_KEY_UIApplicationSceneManifest_Generation[sdk=iphoneos*]" = YES;
				"INFOPLIST_KEY_UIApplicationSceneManifest_Generation[sdk=iphonesimulator*]" = YES;
				"INFOPLIST_KEY_UIApplicationSupportsIndirectInputEvents[sdk=iphoneos*]" = YES;
				"INFOPLIST_KEY_UIApplicationSupportsIndirectInputEvents[sdk=iphonesimulator*]" = YES;
				"INFOPLIST_KEY_UILaunchScreen_Generation[sdk=iphoneos*]" = YES;
				"INFOPLIST_KEY_UILaunchScreen_Generation[sdk=iphonesimulator*]" = YES;
				"INFOPLIST_KEY_UIStatusBarStyle[sdk=iphoneos*]" = UIStatusBarStyleDefault;
				"INFOPLIST_KEY_UIStatusBarStyle[sdk=iphonesimulator*]" = UIStatusBarStyleDefault;
				INFOPLIST_KEY_UISupportedInterfaceOrientations_iPad = "UIInterfaceOrientationPortrait UIInterfaceOrientationPortraitUpsideDown UIInterfaceOrientationLandscapeLeft UIInterfaceOrientationLandscapeRight";
				INFOPLIST_KEY_UISupportedInterfaceOrientations_iPhone = "UIInterfaceOrientationPortrait UIInterfaceOrientationLandscapeLeft UIInterfaceOrientationLandscapeRight";
				IPHONEOS_DEPLOYMENT_TARGET = 16.2;
				LD_RUNPATH_SEARCH_PATHS = "@executable_path/Frameworks";
				"LD_RUNPATH_SEARCH_PATHS[sdk=macosx*]" = "@executable_path/../Frameworks";
				MACOSX_DEPLOYMENT_TARGET = 13.1;
				MARKETING_VERSION = 1.0;
				PRODUCT_BUNDLE_IDENTIFIER = SashaGromova.ArtInstituteChicago;
				PRODUCT_NAME = "$(TARGET_NAME)";
				SDKROOT = auto;
				SUPPORTED_PLATFORMS = "iphoneos iphonesimulator macosx";
				SWIFT_EMIT_LOC_STRINGS = YES;
				SWIFT_VERSION = 5.0;
				TARGETED_DEVICE_FAMILY = "1,2";
			};
			name = Debug;
		};
		D99D81932A798A4400F6278E /* Release */ = {
			isa = XCBuildConfiguration;
			buildSettings = {
				ASSETCATALOG_COMPILER_APPICON_NAME = AppIcon;
				ASSETCATALOG_COMPILER_GLOBAL_ACCENT_COLOR_NAME = AccentColor;
				CODE_SIGN_ENTITLEMENTS = ArtInstituteChicago/ArtInstituteChicago.entitlements;
				CODE_SIGN_STYLE = Automatic;
				CURRENT_PROJECT_VERSION = 1;
				DEVELOPMENT_ASSET_PATHS = "\"ArtInstituteChicago/Preview Content\"";
				DEVELOPMENT_TEAM = 4373H7M8Y8;
				ENABLE_HARDENED_RUNTIME = YES;
				ENABLE_PREVIEWS = YES;
				GENERATE_INFOPLIST_FILE = YES;
				"INFOPLIST_KEY_UIApplicationSceneManifest_Generation[sdk=iphoneos*]" = YES;
				"INFOPLIST_KEY_UIApplicationSceneManifest_Generation[sdk=iphonesimulator*]" = YES;
				"INFOPLIST_KEY_UIApplicationSupportsIndirectInputEvents[sdk=iphoneos*]" = YES;
				"INFOPLIST_KEY_UIApplicationSupportsIndirectInputEvents[sdk=iphonesimulator*]" = YES;
				"INFOPLIST_KEY_UILaunchScreen_Generation[sdk=iphoneos*]" = YES;
				"INFOPLIST_KEY_UILaunchScreen_Generation[sdk=iphonesimulator*]" = YES;
				"INFOPLIST_KEY_UIStatusBarStyle[sdk=iphoneos*]" = UIStatusBarStyleDefault;
				"INFOPLIST_KEY_UIStatusBarStyle[sdk=iphonesimulator*]" = UIStatusBarStyleDefault;
				INFOPLIST_KEY_UISupportedInterfaceOrientations_iPad = "UIInterfaceOrientationPortrait UIInterfaceOrientationPortraitUpsideDown UIInterfaceOrientationLandscapeLeft UIInterfaceOrientationLandscapeRight";
				INFOPLIST_KEY_UISupportedInterfaceOrientations_iPhone = "UIInterfaceOrientationPortrait UIInterfaceOrientationLandscapeLeft UIInterfaceOrientationLandscapeRight";
				IPHONEOS_DEPLOYMENT_TARGET = 16.2;
				LD_RUNPATH_SEARCH_PATHS = "@executable_path/Frameworks";
				"LD_RUNPATH_SEARCH_PATHS[sdk=macosx*]" = "@executable_path/../Frameworks";
				MACOSX_DEPLOYMENT_TARGET = 13.1;
				MARKETING_VERSION = 1.0;
				PRODUCT_BUNDLE_IDENTIFIER = SashaGromova.ArtInstituteChicago;
				PRODUCT_NAME = "$(TARGET_NAME)";
				SDKROOT = auto;
				SUPPORTED_PLATFORMS = "iphoneos iphonesimulator macosx";
				SWIFT_EMIT_LOC_STRINGS = YES;
				SWIFT_VERSION = 5.0;
				TARGETED_DEVICE_FAMILY = "1,2";
			};
			name = Release;
		};
		D99D81952A798A4400F6278E /* Debug */ = {
			isa = XCBuildConfiguration;
			buildSettings = {
				ALWAYS_EMBED_SWIFT_STANDARD_LIBRARIES = YES;
				BUNDLE_LOADER = "$(TEST_HOST)";
				CODE_SIGN_STYLE = Automatic;
				CURRENT_PROJECT_VERSION = 1;
				DEVELOPMENT_TEAM = 4373H7M8Y8;
				GENERATE_INFOPLIST_FILE = YES;
				IPHONEOS_DEPLOYMENT_TARGET = 16.2;
				MACOSX_DEPLOYMENT_TARGET = 13.1;
				MARKETING_VERSION = 1.0;
				PRODUCT_BUNDLE_IDENTIFIER = SashaGromova.ArtInstituteChicagoTests;
				PRODUCT_NAME = "$(TARGET_NAME)";
				SDKROOT = auto;
				SUPPORTED_PLATFORMS = "iphoneos iphonesimulator macosx";
				SWIFT_EMIT_LOC_STRINGS = NO;
				SWIFT_VERSION = 5.0;
				TARGETED_DEVICE_FAMILY = "1,2";
				TEST_HOST = "$(BUILT_PRODUCTS_DIR)/ArtInstituteChicago.app/$(BUNDLE_EXECUTABLE_FOLDER_PATH)/ArtInstituteChicago";
			};
			name = Debug;
		};
		D99D81962A798A4400F6278E /* Release */ = {
			isa = XCBuildConfiguration;
			buildSettings = {
				ALWAYS_EMBED_SWIFT_STANDARD_LIBRARIES = YES;
				BUNDLE_LOADER = "$(TEST_HOST)";
				CODE_SIGN_STYLE = Automatic;
				CURRENT_PROJECT_VERSION = 1;
				DEVELOPMENT_TEAM = 4373H7M8Y8;
				GENERATE_INFOPLIST_FILE = YES;
				IPHONEOS_DEPLOYMENT_TARGET = 16.2;
				MACOSX_DEPLOYMENT_TARGET = 13.1;
				MARKETING_VERSION = 1.0;
				PRODUCT_BUNDLE_IDENTIFIER = SashaGromova.ArtInstituteChicagoTests;
				PRODUCT_NAME = "$(TARGET_NAME)";
				SDKROOT = auto;
				SUPPORTED_PLATFORMS = "iphoneos iphonesimulator macosx";
				SWIFT_EMIT_LOC_STRINGS = NO;
				SWIFT_VERSION = 5.0;
				TARGETED_DEVICE_FAMILY = "1,2";
				TEST_HOST = "$(BUILT_PRODUCTS_DIR)/ArtInstituteChicago.app/$(BUNDLE_EXECUTABLE_FOLDER_PATH)/ArtInstituteChicago";
			};
			name = Release;
		};
		D99D81982A798A4400F6278E /* Debug */ = {
			isa = XCBuildConfiguration;
			buildSettings = {
				ALWAYS_EMBED_SWIFT_STANDARD_LIBRARIES = YES;
				CODE_SIGN_STYLE = Automatic;
				CURRENT_PROJECT_VERSION = 1;
				DEVELOPMENT_TEAM = 4373H7M8Y8;
				GENERATE_INFOPLIST_FILE = YES;
				IPHONEOS_DEPLOYMENT_TARGET = 16.2;
				MACOSX_DEPLOYMENT_TARGET = 13.1;
				MARKETING_VERSION = 1.0;
				PRODUCT_BUNDLE_IDENTIFIER = SashaGromova.ArtInstituteChicagoUITests;
				PRODUCT_NAME = "$(TARGET_NAME)";
				SDKROOT = auto;
				SUPPORTED_PLATFORMS = "iphoneos iphonesimulator macosx";
				SWIFT_EMIT_LOC_STRINGS = NO;
				SWIFT_VERSION = 5.0;
				TARGETED_DEVICE_FAMILY = "1,2";
				TEST_TARGET_NAME = ArtInstituteChicago;
			};
			name = Debug;
		};
		D99D81992A798A4400F6278E /* Release */ = {
			isa = XCBuildConfiguration;
			buildSettings = {
				ALWAYS_EMBED_SWIFT_STANDARD_LIBRARIES = YES;
				CODE_SIGN_STYLE = Automatic;
				CURRENT_PROJECT_VERSION = 1;
				DEVELOPMENT_TEAM = 4373H7M8Y8;
				GENERATE_INFOPLIST_FILE = YES;
				IPHONEOS_DEPLOYMENT_TARGET = 16.2;
				MACOSX_DEPLOYMENT_TARGET = 13.1;
				MARKETING_VERSION = 1.0;
				PRODUCT_BUNDLE_IDENTIFIER = SashaGromova.ArtInstituteChicagoUITests;
				PRODUCT_NAME = "$(TARGET_NAME)";
				SDKROOT = auto;
				SUPPORTED_PLATFORMS = "iphoneos iphonesimulator macosx";
				SWIFT_EMIT_LOC_STRINGS = NO;
				SWIFT_VERSION = 5.0;
				TARGETED_DEVICE_FAMILY = "1,2";
				TEST_TARGET_NAME = ArtInstituteChicago;
			};
			name = Release;
		};
/* End XCBuildConfiguration section */

/* Begin XCConfigurationList section */
		D99D81672A798A4200F6278E /* Build configuration list for PBXProject "ArtInstituteChicago" */ = {
			isa = XCConfigurationList;
			buildConfigurations = (
				D99D818F2A798A4400F6278E /* Debug */,
				D99D81902A798A4400F6278E /* Release */,
			);
			defaultConfigurationIsVisible = 0;
			defaultConfigurationName = Release;
		};
		D99D81912A798A4400F6278E /* Build configuration list for PBXNativeTarget "ArtInstituteChicago" */ = {
			isa = XCConfigurationList;
			buildConfigurations = (
				D99D81922A798A4400F6278E /* Debug */,
				D99D81932A798A4400F6278E /* Release */,
			);
			defaultConfigurationIsVisible = 0;
			defaultConfigurationName = Release;
		};
		D99D81942A798A4400F6278E /* Build configuration list for PBXNativeTarget "ArtInstituteChicagoTests" */ = {
			isa = XCConfigurationList;
			buildConfigurations = (
				D99D81952A798A4400F6278E /* Debug */,
				D99D81962A798A4400F6278E /* Release */,
			);
			defaultConfigurationIsVisible = 0;
			defaultConfigurationName = Release;
		};
		D99D81972A798A4400F6278E /* Build configuration list for PBXNativeTarget "ArtInstituteChicagoUITests" */ = {
			isa = XCConfigurationList;
			buildConfigurations = (
				D99D81982A798A4400F6278E /* Debug */,
				D99D81992A798A4400F6278E /* Release */,
			);
			defaultConfigurationIsVisible = 0;
			defaultConfigurationName = Release;
		};
/* End XCConfigurationList section */

/* Begin XCRemoteSwiftPackageReference section */
		D99D81A02A81196D00F6278E /* XCRemoteSwiftPackageReference "Swinject" */ = {
			isa = XCRemoteSwiftPackageReference;
			repositoryURL = "https://github.com/Swinject/Swinject.git";
			requirement = {
				kind = upToNextMajorVersion;
				minimumVersion = 2.0.0;
			};
		};
/* End XCRemoteSwiftPackageReference section */

/* Begin XCSwiftPackageProductDependency section */
		D99D81A12A81196D00F6278E /* Swinject */ = {
			isa = XCSwiftPackageProductDependency;
			package = D99D81A02A81196D00F6278E /* XCRemoteSwiftPackageReference "Swinject" */;
			productName = Swinject;
		};
/* End XCSwiftPackageProductDependency section */

/* Begin XCVersionGroup section */
		D99E70022AF15ABB00725719 /* Model.xcdatamodeld */ = {
			isa = XCVersionGroup;
			children = (
				D99E70032AF15ABB00725719 /* Model.xcdatamodel */,
			);
			currentVersion = D99E70032AF15ABB00725719 /* Model.xcdatamodel */;
			path = Model.xcdatamodeld;
			sourceTree = "<group>";
			versionGroupType = wrapper.xcdatamodel;
		};
/* End XCVersionGroup section */
	};
	rootObject = D99D81642A798A4200F6278E /* Project object */;
}
