// !$*UTF8*$!
{
	archiveVersion = 1;
	classes = {
	};
	objectVersion = 56;
	objects = {

/* Begin PBXBuildFile section */
		D99D81702A798A4200F6278E /* ArtInstituteChicagoApp.swift in Sources */ = {isa = PBXBuildFile; fileRef = D99D816F2A798A4200F6278E /* ArtInstituteChicagoApp.swift */; };
		D99D81722A798A4200F6278E /* ArtworksList.swift in Sources */ = {isa = PBXBuildFile; fileRef = D99D81712A798A4200F6278E /* ArtworksList.swift */; };
		D99D81742A798A4400F6278E /* Assets.xcassets in Resources */ = {isa = PBXBuildFile; fileRef = D99D81732A798A4400F6278E /* Assets.xcassets */; };
		D99D81782A798A4400F6278E /* Preview Assets.xcassets in Resources */ = {isa = PBXBuildFile; fileRef = D99D81772A798A4400F6278E /* Preview Assets.xcassets */; };
		D99D81822A798A4400F6278E /* ArtInstituteChicagoTests.swift in Sources */ = {isa = PBXBuildFile; fileRef = D99D81812A798A4400F6278E /* ArtInstituteChicagoTests.swift */; };
		D99D818C2A798A4400F6278E /* ArtInstituteChicagoUITests.swift in Sources */ = {isa = PBXBuildFile; fileRef = D99D818B2A798A4400F6278E /* ArtInstituteChicagoUITests.swift */; };
		D99D818E2A798A4400F6278E /* ArtInstituteChicagoUITestsLaunchTests.swift in Sources */ = {isa = PBXBuildFile; fileRef = D99D818D2A798A4400F6278E /* ArtInstituteChicagoUITestsLaunchTests.swift */; };
		D99D819B2A79A13900F6278E /* Model.swift in Sources */ = {isa = PBXBuildFile; fileRef = D99D819A2A79A13900F6278E /* Model.swift */; };
		D99D819D2A79B9EC00F6278E /* RequestAPI.swift in Sources */ = {isa = PBXBuildFile; fileRef = D99D819C2A79B9EC00F6278E /* RequestAPI.swift */; };
		D99D819F2A7DEAF100F6278E /* Color.swift in Sources */ = {isa = PBXBuildFile; fileRef = D99D819E2A7DEAF100F6278E /* Color.swift */; };
		D99D81A22A81196D00F6278E /* Swinject in Frameworks */ = {isa = PBXBuildFile; productRef = D99D81A12A81196D00F6278E /* Swinject */; };
		D99D81A62A81305800F6278E /* DetailArtworksScreen.swift in Sources */ = {isa = PBXBuildFile; fileRef = D99D81A52A81305800F6278E /* DetailArtworksScreen.swift */; };
		D99D81A82A824E7700F6278E /* HomeScreen.swift in Sources */ = {isa = PBXBuildFile; fileRef = D99D81A72A824E7700F6278E /* HomeScreen.swift */; };
		D99D81AA2A85295700F6278E /* FavoritesArtworksList.swift in Sources */ = {isa = PBXBuildFile; fileRef = D99D81A92A85295600F6278E /* FavoritesArtworksList.swift */; };
/* End PBXBuildFile section */

/* Begin PBXContainerItemProxy section */
		D99D817E2A798A4400F6278E /* PBXContainerItemProxy */ = {
			isa = PBXContainerItemProxy;
			containerPortal = D99D81642A798A4200F6278E /* Project object */;
			proxyType = 1;
			remoteGlobalIDString = D99D816B2A798A4200F6278E;
			remoteInfo = ArtInstituteChicago;
		};
		D99D81882A798A4400F6278E /* PBXContainerItemProxy */ = {
			isa = PBXContainerItemProxy;
			containerPortal = D99D81642A798A4200F6278E /* Project object */;
			proxyType = 1;
			remoteGlobalIDString = D99D816B2A798A4200F6278E;
			remoteInfo = ArtInstituteChicago;
		};
/* End PBXContainerItemProxy section */

/* Begin PBXFileReference section */
		D99D816C2A798A4200F6278E /* ArtInstituteChicago.app */ = {isa = PBXFileReference; explicitFileType = wrapper.application; includeInIndex = 0; path = ArtInstituteChicago.app; sourceTree = BUILT_PRODUCTS_DIR; };
		D99D816F2A798A4200F6278E /* ArtInstituteChicagoApp.swift */ = {isa = PBXFileReference; lastKnownFileType = sourcecode.swift; path = ArtInstituteChicagoApp.swift; sourceTree = "<group>"; };
		D99D81712A798A4200F6278E /* ArtworksList.swift */ = {isa = PBXFileReference; lastKnownFileType = sourcecode.swift; path = ArtworksList.swift; sourceTree = "<group>"; };
		D99D81732A798A4400F6278E /* Assets.xcassets */ = {isa = PBXFileReference; lastKnownFileType = folder.assetcatalog; path = Assets.xcassets; sourceTree = "<group>"; };
		D99D81752A798A4400F6278E /* ArtInstituteChicago.entitlements */ = {isa = PBXFileReference; lastKnownFileType = text.plist.entitlements; path = ArtInstituteChicago.entitlements; sourceTree = "<group>"; };
		D99D81772A798A4400F6278E /* Preview Assets.xcassets */ = {isa = PBXFileReference; lastKnownFileType = folder.assetcatalog; path = "Preview Assets.xcassets"; sourceTree = "<group>"; };
		D99D817D2A798A4400F6278E /* ArtInstituteChicagoTests.xctest */ = {isa = PBXFileReference; explicitFileType = wrapper.cfbundle; includeInIndex = 0; path = ArtInstituteChicagoTests.xctest; sourceTree = BUILT_PRODUCTS_DIR; };
		D99D81812A798A4400F6278E /* ArtInstituteChicagoTests.swift */ = {isa = PBXFileReference; lastKnownFileType = sourcecode.swift; path = ArtInstituteChicagoTests.swift; sourceTree = "<group>"; };
		D99D81872A798A4400F6278E /* ArtInstituteChicagoUITests.xctest */ = {isa = PBXFileReference; explicitFileType = wrapper.cfbundle; includeInIndex = 0; path = ArtInstituteChicagoUITests.xctest; sourceTree = BUILT_PRODUCTS_DIR; };
		D99D818B2A798A4400F6278E /* ArtInstituteChicagoUITests.swift */ = {isa = PBXFileReference; lastKnownFileType = sourcecode.swift; path = ArtInstituteChicagoUITests.swift; sourceTree = "<group>"; };
		D99D818D2A798A4400F6278E /* ArtInstituteChicagoUITestsLaunchTests.swift */ = {isa = PBXFileReference; lastKnownFileType = sourcecode.swift; path = ArtInstituteChicagoUITestsLaunchTests.swift; sourceTree = "<group>"; };
		D99D819A2A79A13900F6278E /* Model.swift */ = {isa = PBXFileReference; lastKnownFileType = sourcecode.swift; path = Model.swift; sourceTree = "<group>"; };
		D99D819C2A79B9EC00F6278E /* RequestAPI.swift */ = {isa = PBXFileReference; lastKnownFileType = sourcecode.swift; path = RequestAPI.swift; sourceTree = "<group>"; };
		D99D819E2A7DEAF100F6278E /* Color.swift */ = {isa = PBXFileReference; lastKnownFileType = sourcecode.swift; path = Color.swift; sourceTree = "<group>"; };
		D99D81A52A81305800F6278E /* DetailArtworksScreen.swift */ = {isa = PBXFileReference; lastKnownFileType = sourcecode.swift; path = DetailArtworksScreen.swift; sourceTree = "<group>"; };
		D99D81A72A824E7700F6278E /* HomeScreen.swift */ = {isa = PBXFileReference; lastKnownFileType = sourcecode.swift; path = HomeScreen.swift; sourceTree = "<group>"; };
		D99D81A92A85295600F6278E /* FavoritesArtworksList.swift */ = {isa = PBXFileReference; lastKnownFileType = sourcecode.swift; path = FavoritesArtworksList.swift; sourceTree = "<group>"; };
/* End PBXFileReference section */

/* Begin PBXFrameworksBuildPhase section */
		D99D81692A798A4200F6278E /* Frameworks */ = {
			isa = PBXFrameworksBuildPhase;
			buildActionMask = 2147483647;
			files = (
				D99D81A22A81196D00F6278E /* Swinject in Frameworks */,
			);
			runOnlyForDeploymentPostprocessing = 0;
		};
		D99D817A2A798A4400F6278E /* Frameworks */ = {
			isa = PBXFrameworksBuildPhase;
			buildActionMask = 2147483647;
			files = (
			);
			runOnlyForDeploymentPostprocessing = 0;
		};
		D99D81842A798A4400F6278E /* Frameworks */ = {
			isa = PBXFrameworksBuildPhase;
			buildActionMask = 2147483647;
			files = (
			);
			runOnlyForDeploymentPostprocessing = 0;
		};
/* End PBXFrameworksBuildPhase section */

/* Begin PBXGroup section */
		1C71DFBCE64340B049A9347B /* Pods */ = {
			isa = PBXGroup;
			children = (
			);
			path = Pods;
			sourceTree = "<group>";
		};
		D99D81632A798A4200F6278E = {
			isa = PBXGroup;
			children = (
				D99D816E2A798A4200F6278E /* ArtInstituteChicago */,
				D99D81802A798A4400F6278E /* ArtInstituteChicagoTests */,
				D99D818A2A798A4400F6278E /* ArtInstituteChicagoUITests */,
				D99D816D2A798A4200F6278E /* Products */,
				1C71DFBCE64340B049A9347B /* Pods */,
			);
			sourceTree = "<group>";
		};
		D99D816D2A798A4200F6278E /* Products */ = {
			isa = PBXGroup;
			children = (
				D99D816C2A798A4200F6278E /* ArtInstituteChicago.app */,
				D99D817D2A798A4400F6278E /* ArtInstituteChicagoTests.xctest */,
				D99D81872A798A4400F6278E /* ArtInstituteChicagoUITests.xctest */,
			);
			name = Products;
			sourceTree = "<group>";
		};
		D99D816E2A798A4200F6278E /* ArtInstituteChicago */ = {
			isa = PBXGroup;
			children = (
				D99D816F2A798A4200F6278E /* ArtInstituteChicagoApp.swift */,
				D99D81A72A824E7700F6278E /* HomeScreen.swift */,
				D99D81712A798A4200F6278E /* ArtworksList.swift */,
				D99D81A52A81305800F6278E /* DetailArtworksScreen.swift */,
				D99D81A92A85295600F6278E /* FavoritesArtworksList.swift */,
				D99D819E2A7DEAF100F6278E /* Color.swift */,
				D99D819A2A79A13900F6278E /* Model.swift */,
				D99D819C2A79B9EC00F6278E /* RequestAPI.swift */,
				D99D81732A798A4400F6278E /* Assets.xcassets */,
				D99D81752A798A4400F6278E /* ArtInstituteChicago.entitlements */,
				D99D81762A798A4400F6278E /* Preview Content */,
			);
			path = ArtInstituteChicago;
			sourceTree = "<group>";
		};
		D99D81762A798A4400F6278E /* Preview Content */ = {
			isa = PBXGroup;
			children = (
				D99D81772A798A4400F6278E /* Preview Assets.xcassets */,
			);
			path = "Preview Content";
			sourceTree = "<group>";
		};
		D99D81802A798A4400F6278E /* ArtInstituteChicagoTests */ = {
			isa = PBXGroup;
			children = (
				D99D81812A798A4400F6278E /* ArtInstituteChicagoTests.swift */,
			);
			path = ArtInstituteChicagoTests;
			sourceTree = "<group>";
		};
		D99D818A2A798A4400F6278E /* ArtInstituteChicagoUITests */ = {
			isa = PBXGroup;
			children = (
				D99D818B2A798A4400F6278E /* ArtInstituteChicagoUITests.swift */,
				D99D818D2A798A4400F6278E /* ArtInstituteChicagoUITestsLaunchTests.swift */,
			);
			path = ArtInstituteChicagoUITests;
			sourceTree = "<group>";
		};
/* End PBXGroup section */

/* Begin PBXNativeTarget section */
		D99D816B2A798A4200F6278E /* ArtInstituteChicago */ = {
			isa = PBXNativeTarget;
			buildConfigurationList = D99D81912A798A4400F6278E /* Build configuration list for PBXNativeTarget "ArtInstituteChicago" */;
			buildPhases = (
				D99D81682A798A4200F6278E /* Sources */,
				D99D81692A798A4200F6278E /* Frameworks */,
				D99D816A2A798A4200F6278E /* Resources */,
			);
			buildRules = (
			);
			dependencies = (
			);
			name = ArtInstituteChicago;
			packageProductDependencies = (
				D99D81A12A81196D00F6278E /* Swinject */,
			);
			productName = ArtInstituteChicago;
			productReference = D99D816C2A798A4200F6278E /* ArtInstituteChicago.app */;
			productType = "com.apple.product-type.application";
		};
		D99D817C2A798A4400F6278E /* ArtInstituteChicagoTests */ = {
			isa = PBXNativeTarget;
			buildConfigurationList = D99D81942A798A4400F6278E /* Build configuration list for PBXNativeTarget "ArtInstituteChicagoTests" */;
			buildPhases = (
				D99D81792A798A4400F6278E /* Sources */,
				D99D817A2A798A4400F6278E /* Frameworks */,
				D99D817B2A798A4400F6278E /* Resources */,
			);
			buildRules = (
			);
			dependencies = (
				D99D817F2A798A4400F6278E /* PBXTargetDependency */,
			);
			name = ArtInstituteChicagoTests;
			productName = ArtInstituteChicagoTests;
			productReference = D99D817D2A798A4400F6278E /* ArtInstituteChicagoTests.xctest */;
			productType = "com.apple.product-type.bundle.unit-test";
		};
		D99D81862A798A4400F6278E /* ArtInstituteChicagoUITests */ = {
			isa = PBXNativeTarget;
			buildConfigurationList = D99D81972A798A4400F6278E /* Build configuration list for PBXNativeTarget "ArtInstituteChicagoUITests" */;
			buildPhases = (
				D99D81832A798A4400F6278E /* Sources */,
				D99D81842A798A4400F6278E /* Frameworks */,
				D99D81852A798A4400F6278E /* Resources */,
			);
			buildRules = (
			);
			dependencies = (
				D99D81892A798A4400F6278E /* PBXTargetDependency */,
			);
			name = ArtInstituteChicagoUITests;
			productName = ArtInstituteChicagoUITests;
			productReference = D99D81872A798A4400F6278E /* ArtInstituteChicagoUITests.xctest */;
			productType = "com.apple.product-type.bundle.ui-testing";
		};
/* End PBXNativeTarget section */

/* Begin PBXProject section */
		D99D81642A798A4200F6278E /* Project object */ = {
			isa = PBXProject;
			attributes = {
				BuildIndependentTargetsInParallel = 1;
				LastSwiftUpdateCheck = 1420;
				LastUpgradeCheck = 1420;
				TargetAttributes = {
					D99D816B2A798A4200F6278E = {
						CreatedOnToolsVersion = 14.2;
					};
					D99D817C2A798A4400F6278E = {
						CreatedOnToolsVersion = 14.2;
						TestTargetID = D99D816B2A798A4200F6278E;
					};
					D99D81862A798A4400F6278E = {
						CreatedOnToolsVersion = 14.2;
						TestTargetID = D99D816B2A798A4200F6278E;
					};
				};
			};
			buildConfigurationList = D99D81672A798A4200F6278E /* Build configuration list for PBXProject "ArtInstituteChicago" */;
			compatibilityVersion = "Xcode 14.0";
			developmentRegion = en;
			hasScannedForEncodings = 0;
			knownRegions = (
				en,
				Base,
			);
			mainGroup = D99D81632A798A4200F6278E;
			packageReferences = (
				D99D81A02A81196D00F6278E /* XCRemoteSwiftPackageReference "Swinject" */,
			);
			productRefGroup = D99D816D2A798A4200F6278E /* Products */;
			projectDirPath = "";
			projectRoot = "";
			targets = (
				D99D816B2A798A4200F6278E /* ArtInstituteChicago */,
				D99D817C2A798A4400F6278E /* ArtInstituteChicagoTests */,
				D99D81862A798A4400F6278E /* ArtInstituteChicagoUITests */,
			);
		};
/* End PBXProject section */

/* Begin PBXResourcesBuildPhase section */
		D99D816A2A798A4200F6278E /* Resources */ = {
			isa = PBXResourcesBuildPhase;
			buildActionMask = 2147483647;
			files = (
				D99D81782A798A4400F6278E /* Preview Assets.xcassets in Resources */,
				D99D81742A798A4400F6278E /* Assets.xcassets in Resources */,
			);
			runOnlyForDeploymentPostprocessing = 0;
		};
		D99D817B2A798A4400F6278E /* Resources */ = {
			isa = PBXResourcesBuildPhase;
			buildActionMask = 2147483647;
			files = (
			);
			runOnlyForDeploymentPostprocessing = 0;
		};
		D99D81852A798A4400F6278E /* Resources */ = {
			isa = PBXResourcesBuildPhase;
			buildActionMask = 2147483647;
			files = (
			);
			runOnlyForDeploymentPostprocessing = 0;
		};
/* End PBXResourcesBuildPhase section */

/* Begin PBXSourcesBuildPhase section */
		D99D81682A798A4200F6278E /* Sources */ = {
			isa = PBXSourcesBuildPhase;
			buildActionMask = 2147483647;
			files = (
				D99D819F2A7DEAF100F6278E /* Color.swift in Sources */,
				D99D819B2A79A13900F6278E /* Model.swift in Sources */,
				D99D81AA2A85295700F6278E /* FavoritesArtworksList.swift in Sources */,
				D99D81A82A824E7700F6278E /* HomeScreen.swift in Sources */,
				D99D81A62A81305800F6278E /* DetailArtworksScreen.swift in Sources */,
				D99D81722A798A4200F6278E /* ArtworksList.swift in Sources */,
				D99D819D2A79B9EC00F6278E /* RequestAPI.swift in Sources */,
				D99D81702A798A4200F6278E /* ArtInstituteChicagoApp.swift in Sources */,
			);
			runOnlyForDeploymentPostprocessing = 0;
		};
		D99D81792A798A4400F6278E /* Sources */ = {
			isa = PBXSourcesBuildPhase;
			buildActionMask = 2147483647;
			files = (
				D99D81822A798A4400F6278E /* ArtInstituteChicagoTests.swift in Sources */,
			);
			runOnlyForDeploymentPostprocessing = 0;
		};
		D99D81832A798A4400F6278E /* Sources */ = {
			isa = PBXSourcesBuildPhase;
			buildActionMask = 2147483647;
			files = (
				D99D818C2A798A4400F6278E /* ArtInstituteChicagoUITests.swift in Sources */,
				D99D818E2A798A4400F6278E /* ArtInstituteChicagoUITestsLaunchTests.swift in Sources */,
			);
			runOnlyForDeploymentPostprocessing = 0;
		};
/* End PBXSourcesBuildPhase section */

/* Begin PBXTargetDependency section */
		D99D817F2A798A4400F6278E /* PBXTargetDependency */ = {
			isa = PBXTargetDependency;
			target = D99D816B2A798A4200F6278E /* ArtInstituteChicago */;
			targetProxy = D99D817E2A798A4400F6278E /* PBXContainerItemProxy */;
		};
		D99D81892A798A4400F6278E /* PBXTargetDependency */ = {
			isa = PBXTargetDependency;
			target = D99D816B2A798A4200F6278E /* ArtInstituteChicago */;
			targetProxy = D99D81882A798A4400F6278E /* PBXContainerItemProxy */;
		};
/* End PBXTargetDependency section */

/* Begin XCBuildConfiguration section */
		D99D818F2A798A4400F6278E /* Debug */ = {
			isa = XCBuildConfiguration;
			buildSettings = {
				ALWAYS_SEARCH_USER_PATHS = NO;
				CLANG_ANALYZER_NONNULL = YES;
				CLANG_ANALYZER_NUMBER_OBJECT_CONVERSION = YES_AGGRESSIVE;
				CLANG_CXX_LANGUAGE_STANDARD = "gnu++20";
				CLANG_ENABLE_MODULES = YES;
				CLANG_ENABLE_OBJC_ARC = YES;
				CLANG_ENABLE_OBJC_WEAK = YES;
				CLANG_WARN_BLOCK_CAPTURE_AUTORELEASING = YES;
				CLANG_WARN_BOOL_CONVERSION = YES;
				CLANG_WARN_COMMA = YES;
				CLANG_WARN_CONSTANT_CONVERSION = YES;
				CLANG_WARN_DEPRECATED_OBJC_IMPLEMENTATIONS = YES;
				CLANG_WARN_DIRECT_OBJC_ISA_USAGE = YES_ERROR;
				CLANG_WARN_DOCUMENTATION_COMMENTS = YES;
				CLANG_WARN_EMPTY_BODY = YES;
				CLANG_WARN_ENUM_CONVERSION = YES;
				CLANG_WARN_INFINITE_RECURSION = YES;
				CLANG_WARN_INT_CONVERSION = YES;
				CLANG_WARN_NON_LITERAL_NULL_CONVERSION = YES;
				CLANG_WARN_OBJC_IMPLICIT_RETAIN_SELF = YES;
				CLANG_WARN_OBJC_LITERAL_CONVERSION = YES;
				CLANG_WARN_OBJC_ROOT_CLASS = YES_ERROR;
				CLANG_WARN_QUOTED_INCLUDE_IN_FRAMEWORK_HEADER = YES;
				CLANG_WARN_RANGE_LOOP_ANALYSIS = YES;
				CLANG_WARN_STRICT_PROTOTYPES = YES;
				CLANG_WARN_SUSPICIOUS_MOVE = YES;
				CLANG_WARN_UNGUARDED_AVAILABILITY = YES_AGGRESSIVE;
				CLANG_WARN_UNREACHABLE_CODE = YES;
				CLANG_WARN__DUPLICATE_METHOD_MATCH = YES;
				COPY_PHASE_STRIP = NO;
				DEBUG_INFORMATION_FORMAT = dwarf;
				ENABLE_STRICT_OBJC_MSGSEND = YES;
				ENABLE_TESTABILITY = YES;
				GCC_C_LANGUAGE_STANDARD = gnu11;
				GCC_DYNAMIC_NO_PIC = NO;
				GCC_NO_COMMON_BLOCKS = YES;
				GCC_OPTIMIZATION_LEVEL = 0;
				GCC_PREPROCESSOR_DEFINITIONS = (
					"DEBUG=1",
					"$(inherited)",
				);
				GCC_WARN_64_TO_32_BIT_CONVERSION = YES;
				GCC_WARN_ABOUT_RETURN_TYPE = YES_ERROR;
				GCC_WARN_UNDECLARED_SELECTOR = YES;
				GCC_WARN_UNINITIALIZED_AUTOS = YES_AGGRESSIVE;
				GCC_WARN_UNUSED_FUNCTION = YES;
				GCC_WARN_UNUSED_VARIABLE = YES;
				IPHONEOS_DEPLOYMENT_TARGET = 16.0;
				MTL_ENABLE_DEBUG_INFO = INCLUDE_SOURCE;
				MTL_FAST_MATH = YES;
				ONLY_ACTIVE_ARCH = YES;
				SWIFT_ACTIVE_COMPILATION_CONDITIONS = DEBUG;
				SWIFT_OPTIMIZATION_LEVEL = "-Onone";
			};
			name = Debug;
		};
		D99D81902A798A4400F6278E /* Release */ = {
			isa = XCBuildConfiguration;
			buildSettings = {
				ALWAYS_SEARCH_USER_PATHS = NO;
				CLANG_ANALYZER_NONNULL = YES;
				CLANG_ANALYZER_NUMBER_OBJECT_CONVERSION = YES_AGGRESSIVE;
				CLANG_CXX_LANGUAGE_STANDARD = "gnu++20";
				CLANG_ENABLE_MODULES = YES;
				CLANG_ENABLE_OBJC_ARC = YES;
				CLANG_ENABLE_OBJC_WEAK = YES;
				CLANG_WARN_BLOCK_CAPTURE_AUTORELEASING = YES;
				CLANG_WARN_BOOL_CONVERSION = YES;
				CLANG_WARN_COMMA = YES;
				CLANG_WARN_CONSTANT_CONVERSION = YES;
				CLANG_WARN_DEPRECATED_OBJC_IMPLEMENTATIONS = YES;
				CLANG_WARN_DIRECT_OBJC_ISA_USAGE = YES_ERROR;
				CLANG_WARN_DOCUMENTATION_COMMENTS = YES;
				CLANG_WARN_EMPTY_BODY = YES;
				CLANG_WARN_ENUM_CONVERSION = YES;
				CLANG_WARN_INFINITE_RECURSION = YES;
				CLANG_WARN_INT_CONVERSION = YES;
				CLANG_WARN_NON_LITERAL_NULL_CONVERSION = YES;
				CLANG_WARN_OBJC_IMPLICIT_RETAIN_SELF = YES;
				CLANG_WARN_OBJC_LITERAL_CONVERSION = YES;
				CLANG_WARN_OBJC_ROOT_CLASS = YES_ERROR;
				CLANG_WARN_QUOTED_INCLUDE_IN_FRAMEWORK_HEADER = YES;
				CLANG_WARN_RANGE_LOOP_ANALYSIS = YES;
				CLANG_WARN_STRICT_PROTOTYPES = YES;
				CLANG_WARN_SUSPICIOUS_MOVE = YES;
				CLANG_WARN_UNGUARDED_AVAILABILITY = YES_AGGRESSIVE;
				CLANG_WARN_UNREACHABLE_CODE = YES;
				CLANG_WARN__DUPLICATE_METHOD_MATCH = YES;
				COPY_PHASE_STRIP = NO;
				DEBUG_INFORMATION_FORMAT = "dwarf-with-dsym";
				ENABLE_NS_ASSERTIONS = NO;
				ENABLE_STRICT_OBJC_MSGSEND = YES;
				GCC_C_LANGUAGE_STANDARD = gnu11;
				GCC_NO_COMMON_BLOCKS = YES;
				GCC_WARN_64_TO_32_BIT_CONVERSION = YES;
				GCC_WARN_ABOUT_RETURN_TYPE = YES_ERROR;
				GCC_WARN_UNDECLARED_SELECTOR = YES;
				GCC_WARN_UNINITIALIZED_AUTOS = YES_AGGRESSIVE;
				GCC_WARN_UNUSED_FUNCTION = YES;
				GCC_WARN_UNUSED_VARIABLE = YES;
				IPHONEOS_DEPLOYMENT_TARGET = 16.0;
				MTL_ENABLE_DEBUG_INFO = NO;
				MTL_FAST_MATH = YES;
				SWIFT_COMPILATION_MODE = wholemodule;
				SWIFT_OPTIMIZATION_LEVEL = "-O";
			};
			name = Release;
		};
		D99D81922A798A4400F6278E /* Debug */ = {
			isa = XCBuildConfiguration;
			buildSettings = {
				ASSETCATALOG_COMPILER_APPICON_NAME = AppIcon;
				ASSETCATALOG_COMPILER_GLOBAL_ACCENT_COLOR_NAME = AccentColor;
				CODE_SIGN_ENTITLEMENTS = ArtInstituteChicago/ArtInstituteChicago.entitlements;
				CODE_SIGN_STYLE = Automatic;
				CURRENT_PROJECT_VERSION = 1;
				DEVELOPMENT_ASSET_PATHS = "\"ArtInstituteChicago/Preview Content\"";
				DEVELOPMENT_TEAM = 4373H7M8Y8;
				ENABLE_HARDENED_RUNTIME = YES;
				ENABLE_PREVIEWS = YES;
				GENERATE_INFOPLIST_FILE = YES;
				"INFOPLIST_KEY_UIApplicationSceneManifest_Generation[sdk=iphoneos*]" = YES;
				"INFOPLIST_KEY_UIApplicationSceneManifest_Generation[sdk=iphonesimulator*]" = YES;
				"INFOPLIST_KEY_UIApplicationSupportsIndirectInputEvents[sdk=iphoneos*]" = YES;
				"INFOPLIST_KEY_UIApplicationSupportsIndirectInputEvents[sdk=iphonesimulator*]" = YES;
				"INFOPLIST_KEY_UILaunchScreen_Generation[sdk=iphoneos*]" = YES;
				"INFOPLIST_KEY_UILaunchScreen_Generation[sdk=iphonesimulator*]" = YES;
				"INFOPLIST_KEY_UIStatusBarStyle[sdk=iphoneos*]" = UIStatusBarStyleDefault;
				"INFOPLIST_KEY_UIStatusBarStyle[sdk=iphonesimulator*]" = UIStatusBarStyleDefault;
				INFOPLIST_KEY_UISupportedInterfaceOrientations_iPad = "UIInterfaceOrientationPortrait UIInterfaceOrientationPortraitUpsideDown UIInterfaceOrientationLandscapeLeft UIInterfaceOrientationLandscapeRight";
				INFOPLIST_KEY_UISupportedInterfaceOrientations_iPhone = "UIInterfaceOrientationPortrait UIInterfaceOrientationLandscapeLeft UIInterfaceOrientationLandscapeRight";
				IPHONEOS_DEPLOYMENT_TARGET = 16.2;
				LD_RUNPATH_SEARCH_PATHS = "@executable_path/Frameworks";
				"LD_RUNPATH_SEARCH_PATHS[sdk=macosx*]" = "@executable_path/../Frameworks";
				MACOSX_DEPLOYMENT_TARGET = 13.1;
				MARKETING_VERSION = 1.0;
				PRODUCT_BUNDLE_IDENTIFIER = SashaGromova.ArtInstituteChicago;
				PRODUCT_NAME = "$(TARGET_NAME)";
				SDKROOT = auto;
				SUPPORTED_PLATFORMS = "iphoneos iphonesimulator macosx";
				SWIFT_EMIT_LOC_STRINGS = YES;
				SWIFT_VERSION = 5.0;
				TARGETED_DEVICE_FAMILY = "1,2";
			};
			name = Debug;
		};
		D99D81932A798A4400F6278E /* Release */ = {
			isa = XCBuildConfiguration;
			buildSettings = {
				ASSETCATALOG_COMPILER_APPICON_NAME = AppIcon;
				ASSETCATALOG_COMPILER_GLOBAL_ACCENT_COLOR_NAME = AccentColor;
				CODE_SIGN_ENTITLEMENTS = ArtInstituteChicago/ArtInstituteChicago.entitlements;
				CODE_SIGN_STYLE = Automatic;
				CURRENT_PROJECT_VERSION = 1;
				DEVELOPMENT_ASSET_PATHS = "\"ArtInstituteChicago/Preview Content\"";
				DEVELOPMENT_TEAM = 4373H7M8Y8;
				ENABLE_HARDENED_RUNTIME = YES;
				ENABLE_PREVIEWS = YES;
				GENERATE_INFOPLIST_FILE = YES;
				"INFOPLIST_KEY_UIApplicationSceneManifest_Generation[sdk=iphoneos*]" = YES;
				"INFOPLIST_KEY_UIApplicationSceneManifest_Generation[sdk=iphonesimulator*]" = YES;
				"INFOPLIST_KEY_UIApplicationSupportsIndirectInputEvents[sdk=iphoneos*]" = YES;
				"INFOPLIST_KEY_UIApplicationSupportsIndirectInputEvents[sdk=iphonesimulator*]" = YES;
				"INFOPLIST_KEY_UILaunchScreen_Generation[sdk=iphoneos*]" = YES;
				"INFOPLIST_KEY_UILaunchScreen_Generation[sdk=iphonesimulator*]" = YES;
				"INFOPLIST_KEY_UIStatusBarStyle[sdk=iphoneos*]" = UIStatusBarStyleDefault;
				"INFOPLIST_KEY_UIStatusBarStyle[sdk=iphonesimulator*]" = UIStatusBarStyleDefault;
				INFOPLIST_KEY_UISupportedInterfaceOrientations_iPad = "UIInterfaceOrientationPortrait UIInterfaceOrientationPortraitUpsideDown UIInterfaceOrientationLandscapeLeft UIInterfaceOrientationLandscapeRight";
				INFOPLIST_KEY_UISupportedInterfaceOrientations_iPhone = "UIInterfaceOrientationPortrait UIInterfaceOrientationLandscapeLeft UIInterfaceOrientationLandscapeRight";
				IPHONEOS_DEPLOYMENT_TARGET = 16.2;
				LD_RUNPATH_SEARCH_PATHS = "@executable_path/Frameworks";
				"LD_RUNPATH_SEARCH_PATHS[sdk=macosx*]" = "@executable_path/../Frameworks";
				MACOSX_DEPLOYMENT_TARGET = 13.1;
				MARKETING_VERSION = 1.0;
				PRODUCT_BUNDLE_IDENTIFIER = SashaGromova.ArtInstituteChicago;
				PRODUCT_NAME = "$(TARGET_NAME)";
				SDKROOT = auto;
				SUPPORTED_PLATFORMS = "iphoneos iphonesimulator macosx";
				SWIFT_EMIT_LOC_STRINGS = YES;
				SWIFT_VERSION = 5.0;
				TARGETED_DEVICE_FAMILY = "1,2";
			};
			name = Release;
		};
		D99D81952A798A4400F6278E /* Debug */ = {
			isa = XCBuildConfiguration;
			buildSettings = {
				ALWAYS_EMBED_SWIFT_STANDARD_LIBRARIES = YES;
				BUNDLE_LOADER = "$(TEST_HOST)";
				CODE_SIGN_STYLE = Automatic;
				CURRENT_PROJECT_VERSION = 1;
				DEVELOPMENT_TEAM = 4373H7M8Y8;
				GENERATE_INFOPLIST_FILE = YES;
				IPHONEOS_DEPLOYMENT_TARGET = 16.2;
				MACOSX_DEPLOYMENT_TARGET = 13.1;
				MARKETING_VERSION = 1.0;
				PRODUCT_BUNDLE_IDENTIFIER = SashaGromova.ArtInstituteChicagoTests;
				PRODUCT_NAME = "$(TARGET_NAME)";
				SDKROOT = auto;
				SUPPORTED_PLATFORMS = "iphoneos iphonesimulator macosx";
				SWIFT_EMIT_LOC_STRINGS = NO;
				SWIFT_VERSION = 5.0;
				TARGETED_DEVICE_FAMILY = "1,2";
				TEST_HOST = "$(BUILT_PRODUCTS_DIR)/ArtInstituteChicago.app/$(BUNDLE_EXECUTABLE_FOLDER_PATH)/ArtInstituteChicago";
			};
			name = Debug;
		};
		D99D81962A798A4400F6278E /* Release */ = {
			isa = XCBuildConfiguration;
			buildSettings = {
				ALWAYS_EMBED_SWIFT_STANDARD_LIBRARIES = YES;
				BUNDLE_LOADER = "$(TEST_HOST)";
				CODE_SIGN_STYLE = Automatic;
				CURRENT_PROJECT_VERSION = 1;
				DEVELOPMENT_TEAM = 4373H7M8Y8;
				GENERATE_INFOPLIST_FILE = YES;
				IPHONEOS_DEPLOYMENT_TARGET = 16.2;
				MACOSX_DEPLOYMENT_TARGET = 13.1;
				MARKETING_VERSION = 1.0;
				PRODUCT_BUNDLE_IDENTIFIER = SashaGromova.ArtInstituteChicagoTests;
				PRODUCT_NAME = "$(TARGET_NAME)";
				SDKROOT = auto;
				SUPPORTED_PLATFORMS = "iphoneos iphonesimulator macosx";
				SWIFT_EMIT_LOC_STRINGS = NO;
				SWIFT_VERSION = 5.0;
				TARGETED_DEVICE_FAMILY = "1,2";
				TEST_HOST = "$(BUILT_PRODUCTS_DIR)/ArtInstituteChicago.app/$(BUNDLE_EXECUTABLE_FOLDER_PATH)/ArtInstituteChicago";
			};
			name = Release;
		};
		D99D81982A798A4400F6278E /* Debug */ = {
			isa = XCBuildConfiguration;
			buildSettings = {
				ALWAYS_EMBED_SWIFT_STANDARD_LIBRARIES = YES;
				CODE_SIGN_STYLE = Automatic;
				CURRENT_PROJECT_VERSION = 1;
				DEVELOPMENT_TEAM = 4373H7M8Y8;
				GENERATE_INFOPLIST_FILE = YES;
				IPHONEOS_DEPLOYMENT_TARGET = 16.2;
				MACOSX_DEPLOYMENT_TARGET = 13.1;
				MARKETING_VERSION = 1.0;
				PRODUCT_BUNDLE_IDENTIFIER = SashaGromova.ArtInstituteChicagoUITests;
				PRODUCT_NAME = "$(TARGET_NAME)";
				SDKROOT = auto;
				SUPPORTED_PLATFORMS = "iphoneos iphonesimulator macosx";
				SWIFT_EMIT_LOC_STRINGS = NO;
				SWIFT_VERSION = 5.0;
				TARGETED_DEVICE_FAMILY = "1,2";
				TEST_TARGET_NAME = ArtInstituteChicago;
			};
			name = Debug;
		};
		D99D81992A798A4400F6278E /* Release */ = {
			isa = XCBuildConfiguration;
			buildSettings = {
				ALWAYS_EMBED_SWIFT_STANDARD_LIBRARIES = YES;
				CODE_SIGN_STYLE = Automatic;
				CURRENT_PROJECT_VERSION = 1;
				DEVELOPMENT_TEAM = 4373H7M8Y8;
				GENERATE_INFOPLIST_FILE = YES;
				IPHONEOS_DEPLOYMENT_TARGET = 16.2;
				MACOSX_DEPLOYMENT_TARGET = 13.1;
				MARKETING_VERSION = 1.0;
				PRODUCT_BUNDLE_IDENTIFIER = SashaGromova.ArtInstituteChicagoUITests;
				PRODUCT_NAME = "$(TARGET_NAME)";
				SDKROOT = auto;
				SUPPORTED_PLATFORMS = "iphoneos iphonesimulator macosx";
				SWIFT_EMIT_LOC_STRINGS = NO;
				SWIFT_VERSION = 5.0;
				TARGETED_DEVICE_FAMILY = "1,2";
				TEST_TARGET_NAME = ArtInstituteChicago;
			};
			name = Release;
		};
/* End XCBuildConfiguration section */

/* Begin XCConfigurationList section */
		D99D81672A798A4200F6278E /* Build configuration list for PBXProject "ArtInstituteChicago" */ = {
			isa = XCConfigurationList;
			buildConfigurations = (
				D99D818F2A798A4400F6278E /* Debug */,
				D99D81902A798A4400F6278E /* Release */,
			);
			defaultConfigurationIsVisible = 0;
			defaultConfigurationName = Release;
		};
		D99D81912A798A4400F6278E /* Build configuration list for PBXNativeTarget "ArtInstituteChicago" */ = {
			isa = XCConfigurationList;
			buildConfigurations = (
				D99D81922A798A4400F6278E /* Debug */,
				D99D81932A798A4400F6278E /* Release */,
			);
			defaultConfigurationIsVisible = 0;
			defaultConfigurationName = Release;
		};
		D99D81942A798A4400F6278E /* Build configuration list for PBXNativeTarget "ArtInstituteChicagoTests" */ = {
			isa = XCConfigurationList;
			buildConfigurations = (
				D99D81952A798A4400F6278E /* Debug */,
				D99D81962A798A4400F6278E /* Release */,
			);
			defaultConfigurationIsVisible = 0;
			defaultConfigurationName = Release;
		};
		D99D81972A798A4400F6278E /* Build configuration list for PBXNativeTarget "ArtInstituteChicagoUITests" */ = {
			isa = XCConfigurationList;
			buildConfigurations = (
				D99D81982A798A4400F6278E /* Debug */,
				D99D81992A798A4400F6278E /* Release */,
			);
			defaultConfigurationIsVisible = 0;
			defaultConfigurationName = Release;
		};
/* End XCConfigurationList section */

/* Begin XCRemoteSwiftPackageReference section */
		D99D81A02A81196D00F6278E /* XCRemoteSwiftPackageReference "Swinject" */ = {
			isa = XCRemoteSwiftPackageReference;
			repositoryURL = "https://github.com/Swinject/Swinject.git";
			requirement = {
				kind = upToNextMajorVersion;
				minimumVersion = 2.0.0;
			};
		};
/* End XCRemoteSwiftPackageReference section */

/* Begin XCSwiftPackageProductDependency section */
		D99D81A12A81196D00F6278E /* Swinject */ = {
			isa = XCSwiftPackageProductDependency;
			package = D99D81A02A81196D00F6278E /* XCRemoteSwiftPackageReference "Swinject" */;
			productName = Swinject;
		};
/* End XCSwiftPackageProductDependency section */
	};
	rootObject = D99D81642A798A4200F6278E /* Project object */;
}
